
Microsoft Visual Studio Solution File, Format Version 12.00
# Visual Studio Version 16
VisualStudioVersion = 16.0.29519.181
MinimumVisualStudioVersion = 10.0.40219.1
Project("{9A19103F-16F7-4668-BE54-9A1E7A4F7556}") = "Day01Task1Solution", "Day01Task1\Day01Task1Solution.csproj", "{408EECB9-ADFC-4298-BBAD-CD6DD598B0D4}"
EndProject
Project("{9A19103F-16F7-4668-BE54-9A1E7A4F7556}") = "Day01Task1Result", "Day01Task1Result\Day01Task1Result.csproj", "{1E5E1A95-4E20-457F-B19B-660FDD099560}"
EndProject
Project("{9A19103F-16F7-4668-BE54-9A1E7A4F7556}") = "Day01Task1Tests", "Day01Task1Tests\Day01Task1Tests.csproj", "{A02A169C-C22B-4921-8395-563C9605EE9C}"
EndProject
Project("{2150E333-8FDC-42A3-9474-1A3956D46DE8}") = "Day01Task1", "Day01Task1", "{4F1EF701-BAC6-405A-87ED-C994DB488293}"
EndProject
Project("{9A19103F-16F7-4668-BE54-9A1E7A4F7556}") = "Day01Task2Solution", "Day01Task2Solution\Day01Task2Solution.csproj", "{2EF403E8-C2B8-44B5-A28B-211CB2323C26}"
EndProject
Project("{2150E333-8FDC-42A3-9474-1A3956D46DE8}") = "Day01Task2", "Day01Task2", "{B645BFBB-B7D4-48A8-9C40-742401E17FA8}"
EndProject
Project("{9A19103F-16F7-4668-BE54-9A1E7A4F7556}") = "Day01Task2Tests", "Day01Task2Tests\Day01Task2Tests.csproj", "{D3426B73-FF41-4D9B-9131-14F7509BCAD9}"
EndProject
Project("{9A19103F-16F7-4668-BE54-9A1E7A4F7556}") = "Day01Task2Result", "Day01Task2Result\Day01Task2Result.csproj", "{77B23E72-A93A-40C0-8E20-5D22F0DCA540}"
EndProject
Project("{2150E333-8FDC-42A3-9474-1A3956D46DE8}") = "Day02Task1", "Day02Task1", "{2621735B-D3F4-4AE6-80AA-A27EE5333639}"
EndProject
Project("{9A19103F-16F7-4668-BE54-9A1E7A4F7556}") = "Day02Task1Solution", "Day02Task1Solution\Day02Task1Solution.csproj", "{17CA0168-9419-4FD7-89CA-63F8BA8B764E}"
EndProject
Project("{9A19103F-16F7-4668-BE54-9A1E7A4F7556}") = "Day02Task1Tests", "Day02Task1Tests\Day02Task1Tests.csproj", "{C87E8F82-C26D-435C-9EDC-0A6710C1975C}"
EndProject
Project("{9A19103F-16F7-4668-BE54-9A1E7A4F7556}") = "Day02Task1Result", "Day02Task1Result\Day02Task1Result.csproj", "{16DE8C66-8526-43A9-9A93-0C993676C518}"
EndProject
Project("{2150E333-8FDC-42A3-9474-1A3956D46DE8}") = "Day02Task2", "Day02Task2", "{27271E64-AAE1-4C05-8E99-E445DD4EC41B}"
EndProject
Project("{9A19103F-16F7-4668-BE54-9A1E7A4F7556}") = "Day02Task2Result", "Day02Task2Result\Day02Task2Result.csproj", "{681641C4-F18F-4347-A45D-FC1179EEAFEA}"
EndProject
Project("{2150E333-8FDC-42A3-9474-1A3956D46DE8}") = "Day03Task1", "Day03Task1", "{FB8F2E99-BA74-4DFF-B52A-E902D677454C}"
EndProject
Project("{9A19103F-16F7-4668-BE54-9A1E7A4F7556}") = "Day03Task1Solution", "Day03Task1Solution\Day03Task1Solution.csproj", "{0101F0AD-5580-4FC3-8650-4FE999F0D8AE}"
EndProject
Project("{9A19103F-16F7-4668-BE54-9A1E7A4F7556}") = "Day03Task1Tests", "Day03Task1Tests\Day03Task1Tests.csproj", "{EDCE4444-7D27-4943-9E88-386854A361AD}"
EndProject
Project("{9A19103F-16F7-4668-BE54-9A1E7A4F7556}") = "Day03Task1Result", "Day03Task1Result\Day03Task1Result.csproj", "{F23B2DA4-27B5-4386-8A48-E461F55F9D6C}"
EndProject
Project("{2150E333-8FDC-42A3-9474-1A3956D46DE8}") = "Day03Task2", "Day03Task2", "{487C9896-3FF0-4BAC-BD90-A083633A656C}"
EndProject
Project("{9A19103F-16F7-4668-BE54-9A1E7A4F7556}") = "Day03Task2Solution", "Day03Task2Solution\Day03Task2Solution.csproj", "{9CFB9D45-F516-4C1C-A64F-4655663CBB12}"
EndProject
Project("{9A19103F-16F7-4668-BE54-9A1E7A4F7556}") = "Day03Task2Tests", "Day03Task2Tests\Day03Task2Tests.csproj", "{C415FF7B-6223-404F-9B79-D2083100E3B8}"
EndProject
Project("{9A19103F-16F7-4668-BE54-9A1E7A4F7556}") = "Day03Task2Result", "Day03Task2Result\Day03Task2Result.csproj", "{0FBE8219-5C18-44C7-8352-4BF2458C3AEF}"
EndProject
Project("{2150E333-8FDC-42A3-9474-1A3956D46DE8}") = "Day04Task1", "Day04Task1", "{52BAE5C3-B7A1-4487-A924-FA42F7B18E4A}"
EndProject
Project("{9A19103F-16F7-4668-BE54-9A1E7A4F7556}") = "Day04Task1Solution", "Day04Task1Solution\Day04Task1Solution.csproj", "{89045B09-CDEB-4C84-A453-5D416D8B3E27}"
EndProject
Project("{9A19103F-16F7-4668-BE54-9A1E7A4F7556}") = "Day04Task1Tests", "Day04Task1Tests\Day04Task1Tests.csproj", "{ADEA39CC-6E73-4DA6-BDD7-C18C4E5ABDE3}"
EndProject
Project("{9A19103F-16F7-4668-BE54-9A1E7A4F7556}") = "Day04Task1Result", "Day04Task1Result\Day04Task1Result.csproj", "{D2739C78-18E0-48CF-B694-21490F15422E}"
EndProject
Project("{2150E333-8FDC-42A3-9474-1A3956D46DE8}") = "Day04Task2", "Day04Task2", "{15B31211-5D05-4227-ADA4-EB1A9D867AC2}"
EndProject
Project("{9A19103F-16F7-4668-BE54-9A1E7A4F7556}") = "Day04Task2Solution", "Day04Task2Solution\Day04Task2Solution.csproj", "{80B5D582-F6E5-49C2-8242-562D5AC70454}"
EndProject
Project("{9A19103F-16F7-4668-BE54-9A1E7A4F7556}") = "Day04Task2Tests", "Day04Task2Tests\Day04Task2Tests.csproj", "{82E3548C-CBA1-4EC3-8293-6FB79D418829}"
EndProject
Project("{9A19103F-16F7-4668-BE54-9A1E7A4F7556}") = "Day04Task2Result", "Day04Task2Result\Day04Task2Result.csproj", "{6452D527-596D-4C58-9706-553375D04913}"
EndProject
Project("{2150E333-8FDC-42A3-9474-1A3956D46DE8}") = "Day05Task1", "Day05Task1", "{C5A327DE-9493-4C98-BF34-AB9CEBF6DD23}"
EndProject
Project("{9A19103F-16F7-4668-BE54-9A1E7A4F7556}") = "Day05Task1Result", "Day05Task1Result\Day05Task1Result.csproj", "{87D1DEE1-DED7-4A19-8B2C-CEFA1E7AC7B0}"
EndProject
Project("{2150E333-8FDC-42A3-9474-1A3956D46DE8}") = "Day05Task2", "Day05Task2", "{4273C391-6DB4-40B8-A06E-0BAAE5DA708F}"
EndProject
Project("{9A19103F-16F7-4668-BE54-9A1E7A4F7556}") = "Day05Task2Tests", "Day05Task2Tests\Day05Task2Tests.csproj", "{9C17629C-007C-4DDD-B086-B761A0200B09}"
EndProject
Project("{9A19103F-16F7-4668-BE54-9A1E7A4F7556}") = "Day05Task2Result", "Day05Task2Result\Day05Task2Result.csproj", "{87C0A6E7-2242-4F9D-9E97-7026DBAD34D2}"
EndProject
Project("{2150E333-8FDC-42A3-9474-1A3956D46DE8}") = "Day06Task1", "Day06Task1", "{2ACA5773-BD57-4EC5-918F-D2526368890C}"
EndProject
Project("{9A19103F-16F7-4668-BE54-9A1E7A4F7556}") = "Day06Task1Solution", "Day06Task1Solution\Day06Task1Solution.csproj", "{86EF6C6E-49A1-428F-B7CE-4F5289C488BF}"
EndProject
Project("{9A19103F-16F7-4668-BE54-9A1E7A4F7556}") = "Day06Task1Tests", "Day06Task1Tests\Day06Task1Tests.csproj", "{D4778CC6-8A26-4C06-923D-05A210CF2B2B}"
EndProject
Project("{9A19103F-16F7-4668-BE54-9A1E7A4F7556}") = "Day06Task1Result", "Day06Task1Result\Day06Task1Result.csproj", "{854983EB-3876-4892-AF5D-0F28C60F6FCE}"
EndProject
Project("{2150E333-8FDC-42A3-9474-1A3956D46DE8}") = "Day06Task2", "Day06Task2", "{7830AB78-4E76-4AD6-9C7D-095D478FA3F2}"
EndProject
Project("{9A19103F-16F7-4668-BE54-9A1E7A4F7556}") = "Day06Task2Tests", "Day06Task2Tests\Day06Task2Tests.csproj", "{600A5902-054D-43C2-A79C-A5C5E8397CE8}"
EndProject
Project("{9A19103F-16F7-4668-BE54-9A1E7A4F7556}") = "Day06Task2Result", "Day06Task2Result\Day06Task2Result.csproj", "{796BB21F-A6D4-44AF-98FA-8E1F3BB4F418}"
EndProject
Project("{2150E333-8FDC-42A3-9474-1A3956D46DE8}") = "Day07Task1", "Day07Task1", "{85EA0E8B-BCFD-4447-9961-36A7BEBD41F3}"
EndProject
Project("{9A19103F-16F7-4668-BE54-9A1E7A4F7556}") = "Day07Task1Solution", "Day07Task1Solution\Day07Task1Solution.csproj", "{C1D41EA8-ED3D-4335-A1A0-FF158E7D9F68}"
EndProject
Project("{9A19103F-16F7-4668-BE54-9A1E7A4F7556}") = "Day07Task1Tests", "Day07Task1Tests\Day07Task1Tests.csproj", "{E714B243-3B94-4207-83C4-FE0C10082FCB}"
EndProject
Project("{9A19103F-16F7-4668-BE54-9A1E7A4F7556}") = "Day07Task1Result", "Day07Task1Result\Day07Task1Result.csproj", "{7B26DDC8-7DE5-416C-AE00-ACD9CFDDBB00}"
EndProject
Project("{2150E333-8FDC-42A3-9474-1A3956D46DE8}") = "Day07Task2", "Day07Task2", "{A3893349-0751-49CE-88D5-CE0752CF3496}"
EndProject
Project("{9A19103F-16F7-4668-BE54-9A1E7A4F7556}") = "Day07Task2Tests", "Day07Task2Tests\Day07Task2Tests.csproj", "{626DE6B6-7800-4FDB-9483-728D32328FB5}"
EndProject
Project("{9A19103F-16F7-4668-BE54-9A1E7A4F7556}") = "Day07Task2Result", "Day07Task2Result\Day07Task2Result.csproj", "{BEEA7C10-0CAC-40D9-A556-CEAF904F252B}"
EndProject
Project("{2150E333-8FDC-42A3-9474-1A3956D46DE8}") = "Day08Task1", "Day08Task1", "{A6CAF080-99A3-4BCE-B103-099614238CBB}"
EndProject
Project("{9A19103F-16F7-4668-BE54-9A1E7A4F7556}") = "Day08Task1Solution", "Day08Task1Solution\Day08Task1Solution.csproj", "{40AEFC2A-E7BB-4654-B90A-6F0F14B72F81}"
EndProject
Project("{9A19103F-16F7-4668-BE54-9A1E7A4F7556}") = "Day08Task1Tests", "Day08Task1Tests\Day08Task1Tests.csproj", "{065E0639-DFB7-4DF3-AC12-5034C3D51B0D}"
EndProject
Project("{9A19103F-16F7-4668-BE54-9A1E7A4F7556}") = "Day08Task1Result", "Day08Task1Result\Day08Task1Result.csproj", "{CD0A28A4-33E0-4DA3-8A9D-C13C895B5F59}"
EndProject
Project("{2150E333-8FDC-42A3-9474-1A3956D46DE8}") = "Day08Task2", "Day08Task2", "{F4076D75-F033-4C87-BB4E-0AE67FD13764}"
EndProject
Project("{9A19103F-16F7-4668-BE54-9A1E7A4F7556}") = "Day08Task2Tests", "Day08Task2Tests\Day08Task2Tests.csproj", "{1EF57448-C83E-446A-A2B3-AB9FD447DBB1}"
EndProject
Project("{9A19103F-16F7-4668-BE54-9A1E7A4F7556}") = "Day08Task2Result", "Day08Task2Result\Day08Task2Result.csproj", "{2AD4639C-F46E-40C3-A452-3B0BBE67FDA5}"
EndProject
Project("{2150E333-8FDC-42A3-9474-1A3956D46DE8}") = "Day09Task1", "Day09Task1", "{0833AFC0-8A1C-4549-BD37-82DE53BDD851}"
EndProject
Project("{9A19103F-16F7-4668-BE54-9A1E7A4F7556}") = "Day09Task1Tests", "Day09Task1Tests\Day09Task1Tests.csproj", "{D067F384-C0BA-4230-ABC7-FE2AE7D97552}"
EndProject
Project("{9A19103F-16F7-4668-BE54-9A1E7A4F7556}") = "Day09Task1Result", "Day09Task1Result\Day09Task1Result.csproj", "{E1850381-B6B1-45CE-990E-7FE3C3059030}"
EndProject
Project("{2150E333-8FDC-42A3-9474-1A3956D46DE8}") = "Day09Task2", "Day09Task2", "{FC36A6EC-DD22-47BF-97D9-B3481399BDB4}"
EndProject
Project("{9A19103F-16F7-4668-BE54-9A1E7A4F7556}") = "Day09Task2Result", "Day09Task2Result\Day09Task2Result.csproj", "{A9B48F78-A6A9-4090-96BA-502293D5D142}"
EndProject
Project("{2150E333-8FDC-42A3-9474-1A3956D46DE8}") = "Day10Task1", "Day10Task1", "{121B4F34-8920-4B8F-82A0-5A88DB1BB14E}"
EndProject
Project("{9A19103F-16F7-4668-BE54-9A1E7A4F7556}") = "Day10Task1Solution", "Day10Task1Solution\Day10Task1Solution.csproj", "{463A56B2-B676-41E5-814A-AD983A4344ED}"
EndProject
Project("{9A19103F-16F7-4668-BE54-9A1E7A4F7556}") = "Day10Task1Tests", "Day10Task1Tests\Day10Task1Tests.csproj", "{9B94824E-75FB-4EDE-9C30-C58FADEFB061}"
EndProject
Project("{9A19103F-16F7-4668-BE54-9A1E7A4F7556}") = "Day10Task1Result", "Day10Task1Result\Day10Task1Result.csproj", "{84FBE5CE-37AA-4DF3-9CE3-8C91D9C73395}"
EndProject
Project("{2150E333-8FDC-42A3-9474-1A3956D46DE8}") = "Day10Task2", "Day10Task2", "{B169B52D-56A7-4B4B-945F-97DF6428B861}"
EndProject
Project("{9A19103F-16F7-4668-BE54-9A1E7A4F7556}") = "Day10Task2Tests", "Day10Task2Tests\Day10Task2Tests.csproj", "{CBF3FDFE-DC13-4269-B47B-198EC142EB52}"
EndProject
Project("{9A19103F-16F7-4668-BE54-9A1E7A4F7556}") = "Day10Task2Result", "Day10Task2Result\Day10Task2Result.csproj", "{37D79FA8-8D34-4252-9040-58BFCBB78E5D}"
EndProject
Project("{2150E333-8FDC-42A3-9474-1A3956D46DE8}") = "Common", "Common", "{DDCC7D28-BD30-4314-9D70-E45EAA718BE9}"
EndProject
Project("{9A19103F-16F7-4668-BE54-9A1E7A4F7556}") = "IntcodeInterpreter", "IntcodeInterpreter\IntcodeInterpreter.csproj", "{4A774B89-F031-4F09-8C13-FCC6A5F74821}"
EndProject
Project("{9A19103F-16F7-4668-BE54-9A1E7A4F7556}") = "Shared", "Shared\Shared.csproj", "{2D926987-90A1-4A20-88C3-5F7FAD277BCD}"
EndProject
Project("{2150E333-8FDC-42A3-9474-1A3956D46DE8}") = "Day11Task1", "Day11Task1", "{6CC602A4-7419-410E-95B8-4A2A15B78CB6}"
EndProject
Project("{9A19103F-16F7-4668-BE54-9A1E7A4F7556}") = "Day11Task1Solution", "Day11Task1Solution\Day11Task1Solution.csproj", "{87CAC97A-4B19-4392-975C-C32D2286B35D}"
EndProject
Project("{9A19103F-16F7-4668-BE54-9A1E7A4F7556}") = "Day11Task1Result", "Day11Task1Result\Day11Task1Result.csproj", "{3CCB38DD-4837-4837-9660-64162CAB5100}"
EndProject
Project("{2150E333-8FDC-42A3-9474-1A3956D46DE8}") = "Day11Task2", "Day11Task2", "{BE603638-15F1-4E33-9E17-230B76DF4795}"
EndProject
Project("{9A19103F-16F7-4668-BE54-9A1E7A4F7556}") = "Day11Task2Result", "Day11Task2Result\Day11Task2Result.csproj", "{27FC3466-16F0-4551-BCDC-E7EDEDA274D8}"
EndProject
Project("{2150E333-8FDC-42A3-9474-1A3956D46DE8}") = "Day12Task1", "Day12Task1", "{98140066-2D63-47A6-B2DB-16D1BCFFF982}"
EndProject
Project("{9A19103F-16F7-4668-BE54-9A1E7A4F7556}") = "Day12Task1Solution", "Day12Task1Solution\Day12Task1Solution.csproj", "{369793B3-7E28-4604-898D-676F86CCFAC7}"
EndProject
Project("{9A19103F-16F7-4668-BE54-9A1E7A4F7556}") = "Day12Task1Tests", "Day12Task1Tests\Day12Task1Tests.csproj", "{789697D6-342A-4858-849F-16BCDB57B1E2}"
EndProject
Project("{9A19103F-16F7-4668-BE54-9A1E7A4F7556}") = "Day12Task1Result", "Day12Task1Result\Day12Task1Result.csproj", "{73C03C2C-CBAD-4C55-93F4-398551CC6AA9}"
EndProject
Project("{2150E333-8FDC-42A3-9474-1A3956D46DE8}") = "Day12Task2", "Day12Task2", "{9DA1AFA1-4DDE-41CD-8CCB-B458D600E9A6}"
EndProject
Project("{9A19103F-16F7-4668-BE54-9A1E7A4F7556}") = "Day12Task2Tests", "Day12Task2Tests\Day12Task2Tests.csproj", "{D3D15C0C-F49A-4C9F-BC17-AADAE65DE0D3}"
EndProject
Project("{9A19103F-16F7-4668-BE54-9A1E7A4F7556}") = "Day12Task2Result", "Day12Task2Result\Day12Task2Result.csproj", "{8D1656F5-5577-40AA-9025-FDC0E79ADA5E}"
EndProject
Project("{2150E333-8FDC-42A3-9474-1A3956D46DE8}") = "Day13Task1", "Day13Task1", "{E7463CCA-AACD-4661-A8E8-6FAFA35B411A}"
EndProject
Project("{9A19103F-16F7-4668-BE54-9A1E7A4F7556}") = "Day13Task1Solution", "Day13Task1Solution\Day13Task1Solution.csproj", "{FA87D14E-77DE-474C-98D5-E3B5712D7E4E}"
EndProject
Project("{9A19103F-16F7-4668-BE54-9A1E7A4F7556}") = "Day13Task1Result", "Day13Task1Result\Day13Task1Result.csproj", "{7E2553CB-DC27-4BBF-9187-F011F58FC04B}"
EndProject
Project("{2150E333-8FDC-42A3-9474-1A3956D46DE8}") = "Day13Task2", "Day13Task2", "{710121C7-5806-4237-B6F6-BD239C9CA4B9}"
EndProject
Project("{FAE04EC0-301F-11D3-BF4B-00C04F79EFBC}") = "Day13Task2Result", "Day13Task2Result\Day13Task2Result.csproj", "{1EB5BF05-716D-476B-92CD-402A80ACD324}"
EndProject
Global
	GlobalSection(SolutionConfigurationPlatforms) = preSolution
		Debug|Any CPU = Debug|Any CPU
		Release|Any CPU = Release|Any CPU
	EndGlobalSection
	GlobalSection(ProjectConfigurationPlatforms) = postSolution
		{408EECB9-ADFC-4298-BBAD-CD6DD598B0D4}.Debug|Any CPU.ActiveCfg = Debug|Any CPU
		{408EECB9-ADFC-4298-BBAD-CD6DD598B0D4}.Debug|Any CPU.Build.0 = Debug|Any CPU
		{408EECB9-ADFC-4298-BBAD-CD6DD598B0D4}.Release|Any CPU.ActiveCfg = Release|Any CPU
		{408EECB9-ADFC-4298-BBAD-CD6DD598B0D4}.Release|Any CPU.Build.0 = Release|Any CPU
		{1E5E1A95-4E20-457F-B19B-660FDD099560}.Debug|Any CPU.ActiveCfg = Debug|Any CPU
		{1E5E1A95-4E20-457F-B19B-660FDD099560}.Debug|Any CPU.Build.0 = Debug|Any CPU
		{1E5E1A95-4E20-457F-B19B-660FDD099560}.Release|Any CPU.ActiveCfg = Release|Any CPU
		{1E5E1A95-4E20-457F-B19B-660FDD099560}.Release|Any CPU.Build.0 = Release|Any CPU
		{A02A169C-C22B-4921-8395-563C9605EE9C}.Debug|Any CPU.ActiveCfg = Debug|Any CPU
		{A02A169C-C22B-4921-8395-563C9605EE9C}.Debug|Any CPU.Build.0 = Debug|Any CPU
		{A02A169C-C22B-4921-8395-563C9605EE9C}.Release|Any CPU.ActiveCfg = Release|Any CPU
		{A02A169C-C22B-4921-8395-563C9605EE9C}.Release|Any CPU.Build.0 = Release|Any CPU
		{2EF403E8-C2B8-44B5-A28B-211CB2323C26}.Debug|Any CPU.ActiveCfg = Debug|Any CPU
		{2EF403E8-C2B8-44B5-A28B-211CB2323C26}.Debug|Any CPU.Build.0 = Debug|Any CPU
		{2EF403E8-C2B8-44B5-A28B-211CB2323C26}.Release|Any CPU.ActiveCfg = Release|Any CPU
		{2EF403E8-C2B8-44B5-A28B-211CB2323C26}.Release|Any CPU.Build.0 = Release|Any CPU
		{D3426B73-FF41-4D9B-9131-14F7509BCAD9}.Debug|Any CPU.ActiveCfg = Debug|Any CPU
		{D3426B73-FF41-4D9B-9131-14F7509BCAD9}.Debug|Any CPU.Build.0 = Debug|Any CPU
		{D3426B73-FF41-4D9B-9131-14F7509BCAD9}.Release|Any CPU.ActiveCfg = Release|Any CPU
		{D3426B73-FF41-4D9B-9131-14F7509BCAD9}.Release|Any CPU.Build.0 = Release|Any CPU
		{77B23E72-A93A-40C0-8E20-5D22F0DCA540}.Debug|Any CPU.ActiveCfg = Debug|Any CPU
		{77B23E72-A93A-40C0-8E20-5D22F0DCA540}.Debug|Any CPU.Build.0 = Debug|Any CPU
		{77B23E72-A93A-40C0-8E20-5D22F0DCA540}.Release|Any CPU.ActiveCfg = Release|Any CPU
		{77B23E72-A93A-40C0-8E20-5D22F0DCA540}.Release|Any CPU.Build.0 = Release|Any CPU
		{17CA0168-9419-4FD7-89CA-63F8BA8B764E}.Debug|Any CPU.ActiveCfg = Debug|Any CPU
		{17CA0168-9419-4FD7-89CA-63F8BA8B764E}.Debug|Any CPU.Build.0 = Debug|Any CPU
		{17CA0168-9419-4FD7-89CA-63F8BA8B764E}.Release|Any CPU.ActiveCfg = Release|Any CPU
		{17CA0168-9419-4FD7-89CA-63F8BA8B764E}.Release|Any CPU.Build.0 = Release|Any CPU
		{C87E8F82-C26D-435C-9EDC-0A6710C1975C}.Debug|Any CPU.ActiveCfg = Debug|Any CPU
		{C87E8F82-C26D-435C-9EDC-0A6710C1975C}.Debug|Any CPU.Build.0 = Debug|Any CPU
		{C87E8F82-C26D-435C-9EDC-0A6710C1975C}.Release|Any CPU.ActiveCfg = Release|Any CPU
		{C87E8F82-C26D-435C-9EDC-0A6710C1975C}.Release|Any CPU.Build.0 = Release|Any CPU
		{16DE8C66-8526-43A9-9A93-0C993676C518}.Debug|Any CPU.ActiveCfg = Debug|Any CPU
		{16DE8C66-8526-43A9-9A93-0C993676C518}.Debug|Any CPU.Build.0 = Debug|Any CPU
		{16DE8C66-8526-43A9-9A93-0C993676C518}.Release|Any CPU.ActiveCfg = Release|Any CPU
		{16DE8C66-8526-43A9-9A93-0C993676C518}.Release|Any CPU.Build.0 = Release|Any CPU
		{681641C4-F18F-4347-A45D-FC1179EEAFEA}.Debug|Any CPU.ActiveCfg = Debug|Any CPU
		{681641C4-F18F-4347-A45D-FC1179EEAFEA}.Debug|Any CPU.Build.0 = Debug|Any CPU
		{681641C4-F18F-4347-A45D-FC1179EEAFEA}.Release|Any CPU.ActiveCfg = Release|Any CPU
		{681641C4-F18F-4347-A45D-FC1179EEAFEA}.Release|Any CPU.Build.0 = Release|Any CPU
		{0101F0AD-5580-4FC3-8650-4FE999F0D8AE}.Debug|Any CPU.ActiveCfg = Debug|Any CPU
		{0101F0AD-5580-4FC3-8650-4FE999F0D8AE}.Debug|Any CPU.Build.0 = Debug|Any CPU
		{0101F0AD-5580-4FC3-8650-4FE999F0D8AE}.Release|Any CPU.ActiveCfg = Release|Any CPU
		{0101F0AD-5580-4FC3-8650-4FE999F0D8AE}.Release|Any CPU.Build.0 = Release|Any CPU
		{EDCE4444-7D27-4943-9E88-386854A361AD}.Debug|Any CPU.ActiveCfg = Debug|Any CPU
		{EDCE4444-7D27-4943-9E88-386854A361AD}.Debug|Any CPU.Build.0 = Debug|Any CPU
		{EDCE4444-7D27-4943-9E88-386854A361AD}.Release|Any CPU.ActiveCfg = Release|Any CPU
		{EDCE4444-7D27-4943-9E88-386854A361AD}.Release|Any CPU.Build.0 = Release|Any CPU
		{F23B2DA4-27B5-4386-8A48-E461F55F9D6C}.Debug|Any CPU.ActiveCfg = Debug|Any CPU
		{F23B2DA4-27B5-4386-8A48-E461F55F9D6C}.Debug|Any CPU.Build.0 = Debug|Any CPU
		{F23B2DA4-27B5-4386-8A48-E461F55F9D6C}.Release|Any CPU.ActiveCfg = Release|Any CPU
		{F23B2DA4-27B5-4386-8A48-E461F55F9D6C}.Release|Any CPU.Build.0 = Release|Any CPU
		{9CFB9D45-F516-4C1C-A64F-4655663CBB12}.Debug|Any CPU.ActiveCfg = Debug|Any CPU
		{9CFB9D45-F516-4C1C-A64F-4655663CBB12}.Debug|Any CPU.Build.0 = Debug|Any CPU
		{9CFB9D45-F516-4C1C-A64F-4655663CBB12}.Release|Any CPU.ActiveCfg = Release|Any CPU
		{9CFB9D45-F516-4C1C-A64F-4655663CBB12}.Release|Any CPU.Build.0 = Release|Any CPU
		{C415FF7B-6223-404F-9B79-D2083100E3B8}.Debug|Any CPU.ActiveCfg = Debug|Any CPU
		{C415FF7B-6223-404F-9B79-D2083100E3B8}.Debug|Any CPU.Build.0 = Debug|Any CPU
		{C415FF7B-6223-404F-9B79-D2083100E3B8}.Release|Any CPU.ActiveCfg = Release|Any CPU
		{C415FF7B-6223-404F-9B79-D2083100E3B8}.Release|Any CPU.Build.0 = Release|Any CPU
		{0FBE8219-5C18-44C7-8352-4BF2458C3AEF}.Debug|Any CPU.ActiveCfg = Debug|Any CPU
		{0FBE8219-5C18-44C7-8352-4BF2458C3AEF}.Debug|Any CPU.Build.0 = Debug|Any CPU
		{0FBE8219-5C18-44C7-8352-4BF2458C3AEF}.Release|Any CPU.ActiveCfg = Release|Any CPU
		{0FBE8219-5C18-44C7-8352-4BF2458C3AEF}.Release|Any CPU.Build.0 = Release|Any CPU
		{89045B09-CDEB-4C84-A453-5D416D8B3E27}.Debug|Any CPU.ActiveCfg = Debug|Any CPU
		{89045B09-CDEB-4C84-A453-5D416D8B3E27}.Debug|Any CPU.Build.0 = Debug|Any CPU
		{89045B09-CDEB-4C84-A453-5D416D8B3E27}.Release|Any CPU.ActiveCfg = Release|Any CPU
		{89045B09-CDEB-4C84-A453-5D416D8B3E27}.Release|Any CPU.Build.0 = Release|Any CPU
		{ADEA39CC-6E73-4DA6-BDD7-C18C4E5ABDE3}.Debug|Any CPU.ActiveCfg = Debug|Any CPU
		{ADEA39CC-6E73-4DA6-BDD7-C18C4E5ABDE3}.Debug|Any CPU.Build.0 = Debug|Any CPU
		{ADEA39CC-6E73-4DA6-BDD7-C18C4E5ABDE3}.Release|Any CPU.ActiveCfg = Release|Any CPU
		{ADEA39CC-6E73-4DA6-BDD7-C18C4E5ABDE3}.Release|Any CPU.Build.0 = Release|Any CPU
		{D2739C78-18E0-48CF-B694-21490F15422E}.Debug|Any CPU.ActiveCfg = Debug|Any CPU
		{D2739C78-18E0-48CF-B694-21490F15422E}.Debug|Any CPU.Build.0 = Debug|Any CPU
		{D2739C78-18E0-48CF-B694-21490F15422E}.Release|Any CPU.ActiveCfg = Release|Any CPU
		{D2739C78-18E0-48CF-B694-21490F15422E}.Release|Any CPU.Build.0 = Release|Any CPU
		{80B5D582-F6E5-49C2-8242-562D5AC70454}.Debug|Any CPU.ActiveCfg = Debug|Any CPU
		{80B5D582-F6E5-49C2-8242-562D5AC70454}.Debug|Any CPU.Build.0 = Debug|Any CPU
		{80B5D582-F6E5-49C2-8242-562D5AC70454}.Release|Any CPU.ActiveCfg = Release|Any CPU
		{80B5D582-F6E5-49C2-8242-562D5AC70454}.Release|Any CPU.Build.0 = Release|Any CPU
		{82E3548C-CBA1-4EC3-8293-6FB79D418829}.Debug|Any CPU.ActiveCfg = Debug|Any CPU
		{82E3548C-CBA1-4EC3-8293-6FB79D418829}.Debug|Any CPU.Build.0 = Debug|Any CPU
		{82E3548C-CBA1-4EC3-8293-6FB79D418829}.Release|Any CPU.ActiveCfg = Release|Any CPU
		{82E3548C-CBA1-4EC3-8293-6FB79D418829}.Release|Any CPU.Build.0 = Release|Any CPU
		{6452D527-596D-4C58-9706-553375D04913}.Debug|Any CPU.ActiveCfg = Debug|Any CPU
		{6452D527-596D-4C58-9706-553375D04913}.Debug|Any CPU.Build.0 = Debug|Any CPU
		{6452D527-596D-4C58-9706-553375D04913}.Release|Any CPU.ActiveCfg = Release|Any CPU
		{6452D527-596D-4C58-9706-553375D04913}.Release|Any CPU.Build.0 = Release|Any CPU
		{87D1DEE1-DED7-4A19-8B2C-CEFA1E7AC7B0}.Debug|Any CPU.ActiveCfg = Debug|Any CPU
		{87D1DEE1-DED7-4A19-8B2C-CEFA1E7AC7B0}.Debug|Any CPU.Build.0 = Debug|Any CPU
		{87D1DEE1-DED7-4A19-8B2C-CEFA1E7AC7B0}.Release|Any CPU.ActiveCfg = Release|Any CPU
		{87D1DEE1-DED7-4A19-8B2C-CEFA1E7AC7B0}.Release|Any CPU.Build.0 = Release|Any CPU
		{9C17629C-007C-4DDD-B086-B761A0200B09}.Debug|Any CPU.ActiveCfg = Debug|Any CPU
		{9C17629C-007C-4DDD-B086-B761A0200B09}.Debug|Any CPU.Build.0 = Debug|Any CPU
		{9C17629C-007C-4DDD-B086-B761A0200B09}.Release|Any CPU.ActiveCfg = Release|Any CPU
		{9C17629C-007C-4DDD-B086-B761A0200B09}.Release|Any CPU.Build.0 = Release|Any CPU
		{87C0A6E7-2242-4F9D-9E97-7026DBAD34D2}.Debug|Any CPU.ActiveCfg = Debug|Any CPU
		{87C0A6E7-2242-4F9D-9E97-7026DBAD34D2}.Debug|Any CPU.Build.0 = Debug|Any CPU
		{87C0A6E7-2242-4F9D-9E97-7026DBAD34D2}.Release|Any CPU.ActiveCfg = Release|Any CPU
		{87C0A6E7-2242-4F9D-9E97-7026DBAD34D2}.Release|Any CPU.Build.0 = Release|Any CPU
		{86EF6C6E-49A1-428F-B7CE-4F5289C488BF}.Debug|Any CPU.ActiveCfg = Debug|Any CPU
		{86EF6C6E-49A1-428F-B7CE-4F5289C488BF}.Debug|Any CPU.Build.0 = Debug|Any CPU
		{86EF6C6E-49A1-428F-B7CE-4F5289C488BF}.Release|Any CPU.ActiveCfg = Release|Any CPU
		{86EF6C6E-49A1-428F-B7CE-4F5289C488BF}.Release|Any CPU.Build.0 = Release|Any CPU
		{D4778CC6-8A26-4C06-923D-05A210CF2B2B}.Debug|Any CPU.ActiveCfg = Debug|Any CPU
		{D4778CC6-8A26-4C06-923D-05A210CF2B2B}.Debug|Any CPU.Build.0 = Debug|Any CPU
		{D4778CC6-8A26-4C06-923D-05A210CF2B2B}.Release|Any CPU.ActiveCfg = Release|Any CPU
		{D4778CC6-8A26-4C06-923D-05A210CF2B2B}.Release|Any CPU.Build.0 = Release|Any CPU
		{854983EB-3876-4892-AF5D-0F28C60F6FCE}.Debug|Any CPU.ActiveCfg = Debug|Any CPU
		{854983EB-3876-4892-AF5D-0F28C60F6FCE}.Debug|Any CPU.Build.0 = Debug|Any CPU
		{854983EB-3876-4892-AF5D-0F28C60F6FCE}.Release|Any CPU.ActiveCfg = Release|Any CPU
		{854983EB-3876-4892-AF5D-0F28C60F6FCE}.Release|Any CPU.Build.0 = Release|Any CPU
		{600A5902-054D-43C2-A79C-A5C5E8397CE8}.Debug|Any CPU.ActiveCfg = Debug|Any CPU
		{600A5902-054D-43C2-A79C-A5C5E8397CE8}.Debug|Any CPU.Build.0 = Debug|Any CPU
		{600A5902-054D-43C2-A79C-A5C5E8397CE8}.Release|Any CPU.ActiveCfg = Release|Any CPU
		{600A5902-054D-43C2-A79C-A5C5E8397CE8}.Release|Any CPU.Build.0 = Release|Any CPU
		{796BB21F-A6D4-44AF-98FA-8E1F3BB4F418}.Debug|Any CPU.ActiveCfg = Debug|Any CPU
		{796BB21F-A6D4-44AF-98FA-8E1F3BB4F418}.Debug|Any CPU.Build.0 = Debug|Any CPU
		{796BB21F-A6D4-44AF-98FA-8E1F3BB4F418}.Release|Any CPU.ActiveCfg = Release|Any CPU
		{796BB21F-A6D4-44AF-98FA-8E1F3BB4F418}.Release|Any CPU.Build.0 = Release|Any CPU
		{C1D41EA8-ED3D-4335-A1A0-FF158E7D9F68}.Debug|Any CPU.ActiveCfg = Debug|Any CPU
		{C1D41EA8-ED3D-4335-A1A0-FF158E7D9F68}.Debug|Any CPU.Build.0 = Debug|Any CPU
		{C1D41EA8-ED3D-4335-A1A0-FF158E7D9F68}.Release|Any CPU.ActiveCfg = Release|Any CPU
		{C1D41EA8-ED3D-4335-A1A0-FF158E7D9F68}.Release|Any CPU.Build.0 = Release|Any CPU
		{E714B243-3B94-4207-83C4-FE0C10082FCB}.Debug|Any CPU.ActiveCfg = Debug|Any CPU
		{E714B243-3B94-4207-83C4-FE0C10082FCB}.Debug|Any CPU.Build.0 = Debug|Any CPU
		{E714B243-3B94-4207-83C4-FE0C10082FCB}.Release|Any CPU.ActiveCfg = Release|Any CPU
		{E714B243-3B94-4207-83C4-FE0C10082FCB}.Release|Any CPU.Build.0 = Release|Any CPU
		{7B26DDC8-7DE5-416C-AE00-ACD9CFDDBB00}.Debug|Any CPU.ActiveCfg = Debug|Any CPU
		{7B26DDC8-7DE5-416C-AE00-ACD9CFDDBB00}.Debug|Any CPU.Build.0 = Debug|Any CPU
		{7B26DDC8-7DE5-416C-AE00-ACD9CFDDBB00}.Release|Any CPU.ActiveCfg = Release|Any CPU
		{7B26DDC8-7DE5-416C-AE00-ACD9CFDDBB00}.Release|Any CPU.Build.0 = Release|Any CPU
		{626DE6B6-7800-4FDB-9483-728D32328FB5}.Debug|Any CPU.ActiveCfg = Debug|Any CPU
		{626DE6B6-7800-4FDB-9483-728D32328FB5}.Debug|Any CPU.Build.0 = Debug|Any CPU
		{626DE6B6-7800-4FDB-9483-728D32328FB5}.Release|Any CPU.ActiveCfg = Release|Any CPU
		{626DE6B6-7800-4FDB-9483-728D32328FB5}.Release|Any CPU.Build.0 = Release|Any CPU
		{BEEA7C10-0CAC-40D9-A556-CEAF904F252B}.Debug|Any CPU.ActiveCfg = Debug|Any CPU
		{BEEA7C10-0CAC-40D9-A556-CEAF904F252B}.Debug|Any CPU.Build.0 = Debug|Any CPU
		{BEEA7C10-0CAC-40D9-A556-CEAF904F252B}.Release|Any CPU.ActiveCfg = Release|Any CPU
		{BEEA7C10-0CAC-40D9-A556-CEAF904F252B}.Release|Any CPU.Build.0 = Release|Any CPU
		{40AEFC2A-E7BB-4654-B90A-6F0F14B72F81}.Debug|Any CPU.ActiveCfg = Debug|Any CPU
		{40AEFC2A-E7BB-4654-B90A-6F0F14B72F81}.Debug|Any CPU.Build.0 = Debug|Any CPU
		{40AEFC2A-E7BB-4654-B90A-6F0F14B72F81}.Release|Any CPU.ActiveCfg = Release|Any CPU
		{40AEFC2A-E7BB-4654-B90A-6F0F14B72F81}.Release|Any CPU.Build.0 = Release|Any CPU
		{065E0639-DFB7-4DF3-AC12-5034C3D51B0D}.Debug|Any CPU.ActiveCfg = Debug|Any CPU
		{065E0639-DFB7-4DF3-AC12-5034C3D51B0D}.Debug|Any CPU.Build.0 = Debug|Any CPU
		{065E0639-DFB7-4DF3-AC12-5034C3D51B0D}.Release|Any CPU.ActiveCfg = Release|Any CPU
		{065E0639-DFB7-4DF3-AC12-5034C3D51B0D}.Release|Any CPU.Build.0 = Release|Any CPU
		{CD0A28A4-33E0-4DA3-8A9D-C13C895B5F59}.Debug|Any CPU.ActiveCfg = Debug|Any CPU
		{CD0A28A4-33E0-4DA3-8A9D-C13C895B5F59}.Debug|Any CPU.Build.0 = Debug|Any CPU
		{CD0A28A4-33E0-4DA3-8A9D-C13C895B5F59}.Release|Any CPU.ActiveCfg = Release|Any CPU
		{CD0A28A4-33E0-4DA3-8A9D-C13C895B5F59}.Release|Any CPU.Build.0 = Release|Any CPU
		{1EF57448-C83E-446A-A2B3-AB9FD447DBB1}.Debug|Any CPU.ActiveCfg = Debug|Any CPU
		{1EF57448-C83E-446A-A2B3-AB9FD447DBB1}.Debug|Any CPU.Build.0 = Debug|Any CPU
		{1EF57448-C83E-446A-A2B3-AB9FD447DBB1}.Release|Any CPU.ActiveCfg = Release|Any CPU
		{1EF57448-C83E-446A-A2B3-AB9FD447DBB1}.Release|Any CPU.Build.0 = Release|Any CPU
		{2AD4639C-F46E-40C3-A452-3B0BBE67FDA5}.Debug|Any CPU.ActiveCfg = Debug|Any CPU
		{2AD4639C-F46E-40C3-A452-3B0BBE67FDA5}.Debug|Any CPU.Build.0 = Debug|Any CPU
		{2AD4639C-F46E-40C3-A452-3B0BBE67FDA5}.Release|Any CPU.ActiveCfg = Release|Any CPU
		{2AD4639C-F46E-40C3-A452-3B0BBE67FDA5}.Release|Any CPU.Build.0 = Release|Any CPU
		{D067F384-C0BA-4230-ABC7-FE2AE7D97552}.Debug|Any CPU.ActiveCfg = Debug|Any CPU
		{D067F384-C0BA-4230-ABC7-FE2AE7D97552}.Debug|Any CPU.Build.0 = Debug|Any CPU
		{D067F384-C0BA-4230-ABC7-FE2AE7D97552}.Release|Any CPU.ActiveCfg = Release|Any CPU
		{D067F384-C0BA-4230-ABC7-FE2AE7D97552}.Release|Any CPU.Build.0 = Release|Any CPU
		{E1850381-B6B1-45CE-990E-7FE3C3059030}.Debug|Any CPU.ActiveCfg = Debug|Any CPU
		{E1850381-B6B1-45CE-990E-7FE3C3059030}.Debug|Any CPU.Build.0 = Debug|Any CPU
		{E1850381-B6B1-45CE-990E-7FE3C3059030}.Release|Any CPU.ActiveCfg = Release|Any CPU
		{E1850381-B6B1-45CE-990E-7FE3C3059030}.Release|Any CPU.Build.0 = Release|Any CPU
		{A9B48F78-A6A9-4090-96BA-502293D5D142}.Debug|Any CPU.ActiveCfg = Debug|Any CPU
		{A9B48F78-A6A9-4090-96BA-502293D5D142}.Debug|Any CPU.Build.0 = Debug|Any CPU
		{A9B48F78-A6A9-4090-96BA-502293D5D142}.Release|Any CPU.ActiveCfg = Release|Any CPU
		{A9B48F78-A6A9-4090-96BA-502293D5D142}.Release|Any CPU.Build.0 = Release|Any CPU
		{463A56B2-B676-41E5-814A-AD983A4344ED}.Debug|Any CPU.ActiveCfg = Debug|Any CPU
		{463A56B2-B676-41E5-814A-AD983A4344ED}.Debug|Any CPU.Build.0 = Debug|Any CPU
		{463A56B2-B676-41E5-814A-AD983A4344ED}.Release|Any CPU.ActiveCfg = Release|Any CPU
		{463A56B2-B676-41E5-814A-AD983A4344ED}.Release|Any CPU.Build.0 = Release|Any CPU
		{9B94824E-75FB-4EDE-9C30-C58FADEFB061}.Debug|Any CPU.ActiveCfg = Debug|Any CPU
		{9B94824E-75FB-4EDE-9C30-C58FADEFB061}.Debug|Any CPU.Build.0 = Debug|Any CPU
		{9B94824E-75FB-4EDE-9C30-C58FADEFB061}.Release|Any CPU.ActiveCfg = Release|Any CPU
		{9B94824E-75FB-4EDE-9C30-C58FADEFB061}.Release|Any CPU.Build.0 = Release|Any CPU
		{84FBE5CE-37AA-4DF3-9CE3-8C91D9C73395}.Debug|Any CPU.ActiveCfg = Debug|Any CPU
		{84FBE5CE-37AA-4DF3-9CE3-8C91D9C73395}.Debug|Any CPU.Build.0 = Debug|Any CPU
		{84FBE5CE-37AA-4DF3-9CE3-8C91D9C73395}.Release|Any CPU.ActiveCfg = Release|Any CPU
		{84FBE5CE-37AA-4DF3-9CE3-8C91D9C73395}.Release|Any CPU.Build.0 = Release|Any CPU
		{CBF3FDFE-DC13-4269-B47B-198EC142EB52}.Debug|Any CPU.ActiveCfg = Debug|Any CPU
		{CBF3FDFE-DC13-4269-B47B-198EC142EB52}.Debug|Any CPU.Build.0 = Debug|Any CPU
		{CBF3FDFE-DC13-4269-B47B-198EC142EB52}.Release|Any CPU.ActiveCfg = Release|Any CPU
		{CBF3FDFE-DC13-4269-B47B-198EC142EB52}.Release|Any CPU.Build.0 = Release|Any CPU
		{37D79FA8-8D34-4252-9040-58BFCBB78E5D}.Debug|Any CPU.ActiveCfg = Debug|Any CPU
		{37D79FA8-8D34-4252-9040-58BFCBB78E5D}.Debug|Any CPU.Build.0 = Debug|Any CPU
		{37D79FA8-8D34-4252-9040-58BFCBB78E5D}.Release|Any CPU.ActiveCfg = Release|Any CPU
		{37D79FA8-8D34-4252-9040-58BFCBB78E5D}.Release|Any CPU.Build.0 = Release|Any CPU
		{4A774B89-F031-4F09-8C13-FCC6A5F74821}.Debug|Any CPU.ActiveCfg = Debug|Any CPU
		{4A774B89-F031-4F09-8C13-FCC6A5F74821}.Debug|Any CPU.Build.0 = Debug|Any CPU
		{4A774B89-F031-4F09-8C13-FCC6A5F74821}.Release|Any CPU.ActiveCfg = Release|Any CPU
		{4A774B89-F031-4F09-8C13-FCC6A5F74821}.Release|Any CPU.Build.0 = Release|Any CPU
		{2D926987-90A1-4A20-88C3-5F7FAD277BCD}.Debug|Any CPU.ActiveCfg = Debug|Any CPU
		{2D926987-90A1-4A20-88C3-5F7FAD277BCD}.Debug|Any CPU.Build.0 = Debug|Any CPU
		{2D926987-90A1-4A20-88C3-5F7FAD277BCD}.Release|Any CPU.ActiveCfg = Release|Any CPU
		{2D926987-90A1-4A20-88C3-5F7FAD277BCD}.Release|Any CPU.Build.0 = Release|Any CPU
		{87CAC97A-4B19-4392-975C-C32D2286B35D}.Debug|Any CPU.ActiveCfg = Debug|Any CPU
		{87CAC97A-4B19-4392-975C-C32D2286B35D}.Debug|Any CPU.Build.0 = Debug|Any CPU
		{87CAC97A-4B19-4392-975C-C32D2286B35D}.Release|Any CPU.ActiveCfg = Release|Any CPU
		{87CAC97A-4B19-4392-975C-C32D2286B35D}.Release|Any CPU.Build.0 = Release|Any CPU
		{3CCB38DD-4837-4837-9660-64162CAB5100}.Debug|Any CPU.ActiveCfg = Debug|Any CPU
		{3CCB38DD-4837-4837-9660-64162CAB5100}.Debug|Any CPU.Build.0 = Debug|Any CPU
		{3CCB38DD-4837-4837-9660-64162CAB5100}.Release|Any CPU.ActiveCfg = Release|Any CPU
		{3CCB38DD-4837-4837-9660-64162CAB5100}.Release|Any CPU.Build.0 = Release|Any CPU
		{27FC3466-16F0-4551-BCDC-E7EDEDA274D8}.Debug|Any CPU.ActiveCfg = Debug|Any CPU
		{27FC3466-16F0-4551-BCDC-E7EDEDA274D8}.Debug|Any CPU.Build.0 = Debug|Any CPU
		{27FC3466-16F0-4551-BCDC-E7EDEDA274D8}.Release|Any CPU.ActiveCfg = Release|Any CPU
		{27FC3466-16F0-4551-BCDC-E7EDEDA274D8}.Release|Any CPU.Build.0 = Release|Any CPU
		{369793B3-7E28-4604-898D-676F86CCFAC7}.Debug|Any CPU.ActiveCfg = Debug|Any CPU
		{369793B3-7E28-4604-898D-676F86CCFAC7}.Debug|Any CPU.Build.0 = Debug|Any CPU
		{369793B3-7E28-4604-898D-676F86CCFAC7}.Release|Any CPU.ActiveCfg = Release|Any CPU
		{369793B3-7E28-4604-898D-676F86CCFAC7}.Release|Any CPU.Build.0 = Release|Any CPU
		{789697D6-342A-4858-849F-16BCDB57B1E2}.Debug|Any CPU.ActiveCfg = Debug|Any CPU
		{789697D6-342A-4858-849F-16BCDB57B1E2}.Debug|Any CPU.Build.0 = Debug|Any CPU
		{789697D6-342A-4858-849F-16BCDB57B1E2}.Release|Any CPU.ActiveCfg = Release|Any CPU
		{789697D6-342A-4858-849F-16BCDB57B1E2}.Release|Any CPU.Build.0 = Release|Any CPU
		{73C03C2C-CBAD-4C55-93F4-398551CC6AA9}.Debug|Any CPU.ActiveCfg = Debug|Any CPU
		{73C03C2C-CBAD-4C55-93F4-398551CC6AA9}.Debug|Any CPU.Build.0 = Debug|Any CPU
		{73C03C2C-CBAD-4C55-93F4-398551CC6AA9}.Release|Any CPU.ActiveCfg = Release|Any CPU
		{73C03C2C-CBAD-4C55-93F4-398551CC6AA9}.Release|Any CPU.Build.0 = Release|Any CPU
		{D3D15C0C-F49A-4C9F-BC17-AADAE65DE0D3}.Debug|Any CPU.ActiveCfg = Debug|Any CPU
		{D3D15C0C-F49A-4C9F-BC17-AADAE65DE0D3}.Debug|Any CPU.Build.0 = Debug|Any CPU
		{D3D15C0C-F49A-4C9F-BC17-AADAE65DE0D3}.Release|Any CPU.ActiveCfg = Release|Any CPU
		{D3D15C0C-F49A-4C9F-BC17-AADAE65DE0D3}.Release|Any CPU.Build.0 = Release|Any CPU
		{8D1656F5-5577-40AA-9025-FDC0E79ADA5E}.Debug|Any CPU.ActiveCfg = Debug|Any CPU
		{8D1656F5-5577-40AA-9025-FDC0E79ADA5E}.Debug|Any CPU.Build.0 = Debug|Any CPU
		{8D1656F5-5577-40AA-9025-FDC0E79ADA5E}.Release|Any CPU.ActiveCfg = Release|Any CPU
		{8D1656F5-5577-40AA-9025-FDC0E79ADA5E}.Release|Any CPU.Build.0 = Release|Any CPU
		{FA87D14E-77DE-474C-98D5-E3B5712D7E4E}.Debug|Any CPU.ActiveCfg = Debug|Any CPU
		{FA87D14E-77DE-474C-98D5-E3B5712D7E4E}.Debug|Any CPU.Build.0 = Debug|Any CPU
		{FA87D14E-77DE-474C-98D5-E3B5712D7E4E}.Release|Any CPU.ActiveCfg = Release|Any CPU
		{FA87D14E-77DE-474C-98D5-E3B5712D7E4E}.Release|Any CPU.Build.0 = Release|Any CPU
		{7E2553CB-DC27-4BBF-9187-F011F58FC04B}.Debug|Any CPU.ActiveCfg = Debug|Any CPU
		{7E2553CB-DC27-4BBF-9187-F011F58FC04B}.Debug|Any CPU.Build.0 = Debug|Any CPU
		{7E2553CB-DC27-4BBF-9187-F011F58FC04B}.Release|Any CPU.ActiveCfg = Release|Any CPU
		{7E2553CB-DC27-4BBF-9187-F011F58FC04B}.Release|Any CPU.Build.0 = Release|Any CPU
		{1EB5BF05-716D-476B-92CD-402A80ACD324}.Debug|Any CPU.ActiveCfg = Debug|Any CPU
		{1EB5BF05-716D-476B-92CD-402A80ACD324}.Debug|Any CPU.Build.0 = Debug|Any CPU
		{1EB5BF05-716D-476B-92CD-402A80ACD324}.Release|Any CPU.ActiveCfg = Release|Any CPU
		{1EB5BF05-716D-476B-92CD-402A80ACD324}.Release|Any CPU.Build.0 = Release|Any CPU
	EndGlobalSection
	GlobalSection(SolutionProperties) = preSolution
		HideSolutionNode = FALSE
	EndGlobalSection
	GlobalSection(NestedProjects) = preSolution
		{408EECB9-ADFC-4298-BBAD-CD6DD598B0D4} = {4F1EF701-BAC6-405A-87ED-C994DB488293}
		{1E5E1A95-4E20-457F-B19B-660FDD099560} = {4F1EF701-BAC6-405A-87ED-C994DB488293}
		{A02A169C-C22B-4921-8395-563C9605EE9C} = {4F1EF701-BAC6-405A-87ED-C994DB488293}
		{2EF403E8-C2B8-44B5-A28B-211CB2323C26} = {B645BFBB-B7D4-48A8-9C40-742401E17FA8}
		{D3426B73-FF41-4D9B-9131-14F7509BCAD9} = {B645BFBB-B7D4-48A8-9C40-742401E17FA8}
		{77B23E72-A93A-40C0-8E20-5D22F0DCA540} = {B645BFBB-B7D4-48A8-9C40-742401E17FA8}
		{17CA0168-9419-4FD7-89CA-63F8BA8B764E} = {2621735B-D3F4-4AE6-80AA-A27EE5333639}
		{C87E8F82-C26D-435C-9EDC-0A6710C1975C} = {2621735B-D3F4-4AE6-80AA-A27EE5333639}
		{16DE8C66-8526-43A9-9A93-0C993676C518} = {2621735B-D3F4-4AE6-80AA-A27EE5333639}
		{681641C4-F18F-4347-A45D-FC1179EEAFEA} = {27271E64-AAE1-4C05-8E99-E445DD4EC41B}
		{0101F0AD-5580-4FC3-8650-4FE999F0D8AE} = {FB8F2E99-BA74-4DFF-B52A-E902D677454C}
		{EDCE4444-7D27-4943-9E88-386854A361AD} = {FB8F2E99-BA74-4DFF-B52A-E902D677454C}
		{F23B2DA4-27B5-4386-8A48-E461F55F9D6C} = {FB8F2E99-BA74-4DFF-B52A-E902D677454C}
		{9CFB9D45-F516-4C1C-A64F-4655663CBB12} = {487C9896-3FF0-4BAC-BD90-A083633A656C}
		{C415FF7B-6223-404F-9B79-D2083100E3B8} = {487C9896-3FF0-4BAC-BD90-A083633A656C}
		{0FBE8219-5C18-44C7-8352-4BF2458C3AEF} = {487C9896-3FF0-4BAC-BD90-A083633A656C}
		{89045B09-CDEB-4C84-A453-5D416D8B3E27} = {52BAE5C3-B7A1-4487-A924-FA42F7B18E4A}
		{ADEA39CC-6E73-4DA6-BDD7-C18C4E5ABDE3} = {52BAE5C3-B7A1-4487-A924-FA42F7B18E4A}
		{D2739C78-18E0-48CF-B694-21490F15422E} = {52BAE5C3-B7A1-4487-A924-FA42F7B18E4A}
		{80B5D582-F6E5-49C2-8242-562D5AC70454} = {15B31211-5D05-4227-ADA4-EB1A9D867AC2}
		{82E3548C-CBA1-4EC3-8293-6FB79D418829} = {15B31211-5D05-4227-ADA4-EB1A9D867AC2}
		{6452D527-596D-4C58-9706-553375D04913} = {15B31211-5D05-4227-ADA4-EB1A9D867AC2}
		{87D1DEE1-DED7-4A19-8B2C-CEFA1E7AC7B0} = {C5A327DE-9493-4C98-BF34-AB9CEBF6DD23}
		{9C17629C-007C-4DDD-B086-B761A0200B09} = {4273C391-6DB4-40B8-A06E-0BAAE5DA708F}
		{87C0A6E7-2242-4F9D-9E97-7026DBAD34D2} = {4273C391-6DB4-40B8-A06E-0BAAE5DA708F}
		{86EF6C6E-49A1-428F-B7CE-4F5289C488BF} = {2ACA5773-BD57-4EC5-918F-D2526368890C}
		{D4778CC6-8A26-4C06-923D-05A210CF2B2B} = {2ACA5773-BD57-4EC5-918F-D2526368890C}
		{854983EB-3876-4892-AF5D-0F28C60F6FCE} = {2ACA5773-BD57-4EC5-918F-D2526368890C}
		{600A5902-054D-43C2-A79C-A5C5E8397CE8} = {7830AB78-4E76-4AD6-9C7D-095D478FA3F2}
		{796BB21F-A6D4-44AF-98FA-8E1F3BB4F418} = {7830AB78-4E76-4AD6-9C7D-095D478FA3F2}
		{C1D41EA8-ED3D-4335-A1A0-FF158E7D9F68} = {85EA0E8B-BCFD-4447-9961-36A7BEBD41F3}
		{E714B243-3B94-4207-83C4-FE0C10082FCB} = {85EA0E8B-BCFD-4447-9961-36A7BEBD41F3}
		{7B26DDC8-7DE5-416C-AE00-ACD9CFDDBB00} = {85EA0E8B-BCFD-4447-9961-36A7BEBD41F3}
		{626DE6B6-7800-4FDB-9483-728D32328FB5} = {A3893349-0751-49CE-88D5-CE0752CF3496}
		{BEEA7C10-0CAC-40D9-A556-CEAF904F252B} = {A3893349-0751-49CE-88D5-CE0752CF3496}
		{40AEFC2A-E7BB-4654-B90A-6F0F14B72F81} = {A6CAF080-99A3-4BCE-B103-099614238CBB}
		{065E0639-DFB7-4DF3-AC12-5034C3D51B0D} = {A6CAF080-99A3-4BCE-B103-099614238CBB}
		{CD0A28A4-33E0-4DA3-8A9D-C13C895B5F59} = {A6CAF080-99A3-4BCE-B103-099614238CBB}
		{1EF57448-C83E-446A-A2B3-AB9FD447DBB1} = {F4076D75-F033-4C87-BB4E-0AE67FD13764}
		{2AD4639C-F46E-40C3-A452-3B0BBE67FDA5} = {F4076D75-F033-4C87-BB4E-0AE67FD13764}
		{D067F384-C0BA-4230-ABC7-FE2AE7D97552} = {0833AFC0-8A1C-4549-BD37-82DE53BDD851}
		{E1850381-B6B1-45CE-990E-7FE3C3059030} = {0833AFC0-8A1C-4549-BD37-82DE53BDD851}
		{A9B48F78-A6A9-4090-96BA-502293D5D142} = {FC36A6EC-DD22-47BF-97D9-B3481399BDB4}
		{463A56B2-B676-41E5-814A-AD983A4344ED} = {121B4F34-8920-4B8F-82A0-5A88DB1BB14E}
		{9B94824E-75FB-4EDE-9C30-C58FADEFB061} = {121B4F34-8920-4B8F-82A0-5A88DB1BB14E}
		{84FBE5CE-37AA-4DF3-9CE3-8C91D9C73395} = {121B4F34-8920-4B8F-82A0-5A88DB1BB14E}
		{CBF3FDFE-DC13-4269-B47B-198EC142EB52} = {B169B52D-56A7-4B4B-945F-97DF6428B861}
		{37D79FA8-8D34-4252-9040-58BFCBB78E5D} = {B169B52D-56A7-4B4B-945F-97DF6428B861}
		{4A774B89-F031-4F09-8C13-FCC6A5F74821} = {DDCC7D28-BD30-4314-9D70-E45EAA718BE9}
		{2D926987-90A1-4A20-88C3-5F7FAD277BCD} = {DDCC7D28-BD30-4314-9D70-E45EAA718BE9}
		{87CAC97A-4B19-4392-975C-C32D2286B35D} = {6CC602A4-7419-410E-95B8-4A2A15B78CB6}
		{3CCB38DD-4837-4837-9660-64162CAB5100} = {6CC602A4-7419-410E-95B8-4A2A15B78CB6}
		{27FC3466-16F0-4551-BCDC-E7EDEDA274D8} = {BE603638-15F1-4E33-9E17-230B76DF4795}
		{369793B3-7E28-4604-898D-676F86CCFAC7} = {98140066-2D63-47A6-B2DB-16D1BCFFF982}
		{789697D6-342A-4858-849F-16BCDB57B1E2} = {98140066-2D63-47A6-B2DB-16D1BCFFF982}
		{73C03C2C-CBAD-4C55-93F4-398551CC6AA9} = {98140066-2D63-47A6-B2DB-16D1BCFFF982}
		{D3D15C0C-F49A-4C9F-BC17-AADAE65DE0D3} = {9DA1AFA1-4DDE-41CD-8CCB-B458D600E9A6}
		{8D1656F5-5577-40AA-9025-FDC0E79ADA5E} = {9DA1AFA1-4DDE-41CD-8CCB-B458D600E9A6}
		{FA87D14E-77DE-474C-98D5-E3B5712D7E4E} = {E7463CCA-AACD-4661-A8E8-6FAFA35B411A}
		{7E2553CB-DC27-4BBF-9187-F011F58FC04B} = {E7463CCA-AACD-4661-A8E8-6FAFA35B411A}
		{1EB5BF05-716D-476B-92CD-402A80ACD324} = {710121C7-5806-4237-B6F6-BD239C9CA4B9}
	EndGlobalSection
	GlobalSection(ExtensibilityGlobals) = postSolution
		SolutionGuid = {8465AE72-320C-4956-B4A6-F1B2E57C311D}
	EndGlobalSection
EndGlobal
