
Microsoft Visual Studio Solution File, Format Version 12.00
# Visual Studio Version 16
VisualStudioVersion = 16.0.29403.142
MinimumVisualStudioVersion = 10.0.40219.1
Project("{9A19103F-16F7-4668-BE54-9A1E7A4F7556}") = "Day01Task1Solution", "Day01Task1\Day01Task1Solution.csproj", "{408EECB9-ADFC-4298-BBAD-CD6DD598B0D4}"
EndProject
Project("{9A19103F-16F7-4668-BE54-9A1E7A4F7556}") = "Day01Task1Result", "Day01Task1Result\Day01Task1Result.csproj", "{1E5E1A95-4E20-457F-B19B-660FDD099560}"
EndProject
Project("{9A19103F-16F7-4668-BE54-9A1E7A4F7556}") = "Day01Task1Tests", "Day01Task1Tests\Day01Task1Tests.csproj", "{A02A169C-C22B-4921-8395-563C9605EE9C}"
EndProject
Project("{2150E333-8FDC-42A3-9474-1A3956D46DE8}") = "Day01Task1", "Day01Task1", "{4F1EF701-BAC6-405A-87ED-C994DB488293}"
EndProject
Project("{9A19103F-16F7-4668-BE54-9A1E7A4F7556}") = "Day01Task2Solution", "Day01Task2Solution\Day01Task2Solution.csproj", "{2EF403E8-C2B8-44B5-A28B-211CB2323C26}"
EndProject
Project("{2150E333-8FDC-42A3-9474-1A3956D46DE8}") = "Day01Task2", "Day01Task2", "{B645BFBB-B7D4-48A8-9C40-742401E17FA8}"
EndProject
Project("{9A19103F-16F7-4668-BE54-9A1E7A4F7556}") = "Day01Task2Tests", "Day01Task2Tests\Day01Task2Tests.csproj", "{D3426B73-FF41-4D9B-9131-14F7509BCAD9}"
EndProject
Project("{9A19103F-16F7-4668-BE54-9A1E7A4F7556}") = "Day01Task2Result", "Day01Task2Result\Day01Task2Result.csproj", "{77B23E72-A93A-40C0-8E20-5D22F0DCA540}"
EndProject
Project("{2150E333-8FDC-42A3-9474-1A3956D46DE8}") = "Day02Task1", "Day02Task1", "{2621735B-D3F4-4AE6-80AA-A27EE5333639}"
EndProject
Project("{9A19103F-16F7-4668-BE54-9A1E7A4F7556}") = "Day02Task1Solution", "Day02Task1Solution\Day02Task1Solution.csproj", "{17CA0168-9419-4FD7-89CA-63F8BA8B764E}"
EndProject
Project("{9A19103F-16F7-4668-BE54-9A1E7A4F7556}") = "Day02Task1Tests", "Day02Task1Tests\Day02Task1Tests.csproj", "{C87E8F82-C26D-435C-9EDC-0A6710C1975C}"
EndProject
Project("{9A19103F-16F7-4668-BE54-9A1E7A4F7556}") = "Day02Task1Result", "Day02Task1Result\Day02Task1Result.csproj", "{16DE8C66-8526-43A9-9A93-0C993676C518}"
EndProject
Project("{2150E333-8FDC-42A3-9474-1A3956D46DE8}") = "Day02Task2", "Day02Task2", "{27271E64-AAE1-4C05-8E99-E445DD4EC41B}"
EndProject
Project("{FAE04EC0-301F-11D3-BF4B-00C04F79EFBC}") = "Day02Task2Result", "Day02Task2Result\Day02Task2Result.csproj", "{681641C4-F18F-4347-A45D-FC1179EEAFEA}"
EndProject
Global
	GlobalSection(SolutionConfigurationPlatforms) = preSolution
		Debug|Any CPU = Debug|Any CPU
		Release|Any CPU = Release|Any CPU
	EndGlobalSection
	GlobalSection(ProjectConfigurationPlatforms) = postSolution
		{408EECB9-ADFC-4298-BBAD-CD6DD598B0D4}.Debug|Any CPU.ActiveCfg = Debug|Any CPU
		{408EECB9-ADFC-4298-BBAD-CD6DD598B0D4}.Debug|Any CPU.Build.0 = Debug|Any CPU
		{408EECB9-ADFC-4298-BBAD-CD6DD598B0D4}.Release|Any CPU.ActiveCfg = Release|Any CPU
		{408EECB9-ADFC-4298-BBAD-CD6DD598B0D4}.Release|Any CPU.Build.0 = Release|Any CPU
		{1E5E1A95-4E20-457F-B19B-660FDD099560}.Debug|Any CPU.ActiveCfg = Debug|Any CPU
		{1E5E1A95-4E20-457F-B19B-660FDD099560}.Debug|Any CPU.Build.0 = Debug|Any CPU
		{1E5E1A95-4E20-457F-B19B-660FDD099560}.Release|Any CPU.ActiveCfg = Release|Any CPU
		{1E5E1A95-4E20-457F-B19B-660FDD099560}.Release|Any CPU.Build.0 = Release|Any CPU
		{A02A169C-C22B-4921-8395-563C9605EE9C}.Debug|Any CPU.ActiveCfg = Debug|Any CPU
		{A02A169C-C22B-4921-8395-563C9605EE9C}.Debug|Any CPU.Build.0 = Debug|Any CPU
		{A02A169C-C22B-4921-8395-563C9605EE9C}.Release|Any CPU.ActiveCfg = Release|Any CPU
		{A02A169C-C22B-4921-8395-563C9605EE9C}.Release|Any CPU.Build.0 = Release|Any CPU
		{2EF403E8-C2B8-44B5-A28B-211CB2323C26}.Debug|Any CPU.ActiveCfg = Debug|Any CPU
		{2EF403E8-C2B8-44B5-A28B-211CB2323C26}.Debug|Any CPU.Build.0 = Debug|Any CPU
		{2EF403E8-C2B8-44B5-A28B-211CB2323C26}.Release|Any CPU.ActiveCfg = Release|Any CPU
		{2EF403E8-C2B8-44B5-A28B-211CB2323C26}.Release|Any CPU.Build.0 = Release|Any CPU
		{D3426B73-FF41-4D9B-9131-14F7509BCAD9}.Debug|Any CPU.ActiveCfg = Debug|Any CPU
		{D3426B73-FF41-4D9B-9131-14F7509BCAD9}.Debug|Any CPU.Build.0 = Debug|Any CPU
		{D3426B73-FF41-4D9B-9131-14F7509BCAD9}.Release|Any CPU.ActiveCfg = Release|Any CPU
		{D3426B73-FF41-4D9B-9131-14F7509BCAD9}.Release|Any CPU.Build.0 = Release|Any CPU
		{77B23E72-A93A-40C0-8E20-5D22F0DCA540}.Debug|Any CPU.ActiveCfg = Debug|Any CPU
		{77B23E72-A93A-40C0-8E20-5D22F0DCA540}.Debug|Any CPU.Build.0 = Debug|Any CPU
		{77B23E72-A93A-40C0-8E20-5D22F0DCA540}.Release|Any CPU.ActiveCfg = Release|Any CPU
		{77B23E72-A93A-40C0-8E20-5D22F0DCA540}.Release|Any CPU.Build.0 = Release|Any CPU
		{17CA0168-9419-4FD7-89CA-63F8BA8B764E}.Debug|Any CPU.ActiveCfg = Debug|Any CPU
		{17CA0168-9419-4FD7-89CA-63F8BA8B764E}.Debug|Any CPU.Build.0 = Debug|Any CPU
		{17CA0168-9419-4FD7-89CA-63F8BA8B764E}.Release|Any CPU.ActiveCfg = Release|Any CPU
		{17CA0168-9419-4FD7-89CA-63F8BA8B764E}.Release|Any CPU.Build.0 = Release|Any CPU
		{C87E8F82-C26D-435C-9EDC-0A6710C1975C}.Debug|Any CPU.ActiveCfg = Debug|Any CPU
		{C87E8F82-C26D-435C-9EDC-0A6710C1975C}.Debug|Any CPU.Build.0 = Debug|Any CPU
		{C87E8F82-C26D-435C-9EDC-0A6710C1975C}.Release|Any CPU.ActiveCfg = Release|Any CPU
		{C87E8F82-C26D-435C-9EDC-0A6710C1975C}.Release|Any CPU.Build.0 = Release|Any CPU
		{16DE8C66-8526-43A9-9A93-0C993676C518}.Debug|Any CPU.ActiveCfg = Debug|Any CPU
		{16DE8C66-8526-43A9-9A93-0C993676C518}.Debug|Any CPU.Build.0 = Debug|Any CPU
		{16DE8C66-8526-43A9-9A93-0C993676C518}.Release|Any CPU.ActiveCfg = Release|Any CPU
		{16DE8C66-8526-43A9-9A93-0C993676C518}.Release|Any CPU.Build.0 = Release|Any CPU
		{681641C4-F18F-4347-A45D-FC1179EEAFEA}.Debug|Any CPU.ActiveCfg = Debug|Any CPU
		{681641C4-F18F-4347-A45D-FC1179EEAFEA}.Debug|Any CPU.Build.0 = Debug|Any CPU
		{681641C4-F18F-4347-A45D-FC1179EEAFEA}.Release|Any CPU.ActiveCfg = Release|Any CPU
		{681641C4-F18F-4347-A45D-FC1179EEAFEA}.Release|Any CPU.Build.0 = Release|Any CPU
	EndGlobalSection
	GlobalSection(SolutionProperties) = preSolution
		HideSolutionNode = FALSE
	EndGlobalSection
	GlobalSection(NestedProjects) = preSolution
		{408EECB9-ADFC-4298-BBAD-CD6DD598B0D4} = {4F1EF701-BAC6-405A-87ED-C994DB488293}
		{1E5E1A95-4E20-457F-B19B-660FDD099560} = {4F1EF701-BAC6-405A-87ED-C994DB488293}
		{A02A169C-C22B-4921-8395-563C9605EE9C} = {4F1EF701-BAC6-405A-87ED-C994DB488293}
		{2EF403E8-C2B8-44B5-A28B-211CB2323C26} = {B645BFBB-B7D4-48A8-9C40-742401E17FA8}
		{D3426B73-FF41-4D9B-9131-14F7509BCAD9} = {B645BFBB-B7D4-48A8-9C40-742401E17FA8}
		{77B23E72-A93A-40C0-8E20-5D22F0DCA540} = {B645BFBB-B7D4-48A8-9C40-742401E17FA8}
		{17CA0168-9419-4FD7-89CA-63F8BA8B764E} = {2621735B-D3F4-4AE6-80AA-A27EE5333639}
		{C87E8F82-C26D-435C-9EDC-0A6710C1975C} = {2621735B-D3F4-4AE6-80AA-A27EE5333639}
		{16DE8C66-8526-43A9-9A93-0C993676C518} = {2621735B-D3F4-4AE6-80AA-A27EE5333639}
		{681641C4-F18F-4347-A45D-FC1179EEAFEA} = {27271E64-AAE1-4C05-8E99-E445DD4EC41B}
	EndGlobalSection
	GlobalSection(ExtensibilityGlobals) = postSolution
		SolutionGuid = {8465AE72-320C-4956-B4A6-F1B2E57C311D}
	EndGlobalSection
EndGlobal
