
Microsoft Visual Studio Solution File, Format Version 12.00
# Visual Studio Version 16
VisualStudioVersion = 16.0.29519.181
MinimumVisualStudioVersion = 10.0.40219.1
Project("{9A19103F-16F7-4668-BE54-9A1E7A4F7556}") = "Day01Task1Solution", "Day01Task1\Day01Task1Solution.csproj", "{408EECB9-ADFC-4298-BBAD-CD6DD598B0D4}"
EndProject
Project("{9A19103F-16F7-4668-BE54-9A1E7A4F7556}") = "Day01Task1Result", "Day01Task1Result\Day01Task1Result.csproj", "{1E5E1A95-4E20-457F-B19B-660FDD099560}"
EndProject
Project("{9A19103F-16F7-4668-BE54-9A1E7A4F7556}") = "Day01Task1Tests", "Day01Task1Tests\Day01Task1Tests.csproj", "{A02A169C-C22B-4921-8395-563C9605EE9C}"
EndProject
Project("{2150E333-8FDC-42A3-9474-1A3956D46DE8}") = "Day01Task1", "Day01Task1", "{4F1EF701-BAC6-405A-87ED-C994DB488293}"
EndProject
Project("{9A19103F-16F7-4668-BE54-9A1E7A4F7556}") = "Day01Task2Solution", "Day01Task2Solution\Day01Task2Solution.csproj", "{2EF403E8-C2B8-44B5-A28B-211CB2323C26}"
EndProject
Project("{2150E333-8FDC-42A3-9474-1A3956D46DE8}") = "Day01Task2", "Day01Task2", "{B645BFBB-B7D4-48A8-9C40-742401E17FA8}"
EndProject
Project("{9A19103F-16F7-4668-BE54-9A1E7A4F7556}") = "Day01Task2Tests", "Day01Task2Tests\Day01Task2Tests.csproj", "{D3426B73-FF41-4D9B-9131-14F7509BCAD9}"
EndProject
Project("{9A19103F-16F7-4668-BE54-9A1E7A4F7556}") = "Day01Task2Result", "Day01Task2Result\Day01Task2Result.csproj", "{77B23E72-A93A-40C0-8E20-5D22F0DCA540}"
EndProject
Project("{2150E333-8FDC-42A3-9474-1A3956D46DE8}") = "Day02Task1", "Day02Task1", "{2621735B-D3F4-4AE6-80AA-A27EE5333639}"
EndProject
Project("{9A19103F-16F7-4668-BE54-9A1E7A4F7556}") = "Day02Task1Solution", "Day02Task1Solution\Day02Task1Solution.csproj", "{17CA0168-9419-4FD7-89CA-63F8BA8B764E}"
EndProject
Project("{9A19103F-16F7-4668-BE54-9A1E7A4F7556}") = "Day02Task1Tests", "Day02Task1Tests\Day02Task1Tests.csproj", "{C87E8F82-C26D-435C-9EDC-0A6710C1975C}"
EndProject
Project("{9A19103F-16F7-4668-BE54-9A1E7A4F7556}") = "Day02Task1Result", "Day02Task1Result\Day02Task1Result.csproj", "{16DE8C66-8526-43A9-9A93-0C993676C518}"
EndProject
Project("{2150E333-8FDC-42A3-9474-1A3956D46DE8}") = "Day02Task2", "Day02Task2", "{27271E64-AAE1-4C05-8E99-E445DD4EC41B}"
EndProject
Project("{9A19103F-16F7-4668-BE54-9A1E7A4F7556}") = "Day02Task2Result", "Day02Task2Result\Day02Task2Result.csproj", "{681641C4-F18F-4347-A45D-FC1179EEAFEA}"
EndProject
Project("{2150E333-8FDC-42A3-9474-1A3956D46DE8}") = "Day03Task1", "Day03Task1", "{FB8F2E99-BA74-4DFF-B52A-E902D677454C}"
EndProject
Project("{9A19103F-16F7-4668-BE54-9A1E7A4F7556}") = "Day03Task1Solution", "Day03Task1Solution\Day03Task1Solution.csproj", "{0101F0AD-5580-4FC3-8650-4FE999F0D8AE}"
EndProject
Project("{9A19103F-16F7-4668-BE54-9A1E7A4F7556}") = "Day03Task1Tests", "Day03Task1Tests\Day03Task1Tests.csproj", "{EDCE4444-7D27-4943-9E88-386854A361AD}"
EndProject
Project("{9A19103F-16F7-4668-BE54-9A1E7A4F7556}") = "Day03Task1Result", "Day03Task1Result\Day03Task1Result.csproj", "{F23B2DA4-27B5-4386-8A48-E461F55F9D6C}"
EndProject
Project("{2150E333-8FDC-42A3-9474-1A3956D46DE8}") = "Day03Task2", "Day03Task2", "{487C9896-3FF0-4BAC-BD90-A083633A656C}"
EndProject
Project("{9A19103F-16F7-4668-BE54-9A1E7A4F7556}") = "Day03Task2Solution", "Day03Task2Solution\Day03Task2Solution.csproj", "{9CFB9D45-F516-4C1C-A64F-4655663CBB12}"
EndProject
Project("{9A19103F-16F7-4668-BE54-9A1E7A4F7556}") = "Day03Task2Tests", "Day03Task2Tests\Day03Task2Tests.csproj", "{C415FF7B-6223-404F-9B79-D2083100E3B8}"
EndProject
Project("{9A19103F-16F7-4668-BE54-9A1E7A4F7556}") = "Day03Task2Result", "Day03Task2Result\Day03Task2Result.csproj", "{0FBE8219-5C18-44C7-8352-4BF2458C3AEF}"
EndProject
Project("{2150E333-8FDC-42A3-9474-1A3956D46DE8}") = "Day04Task1", "Day04Task1", "{52BAE5C3-B7A1-4487-A924-FA42F7B18E4A}"
EndProject
Project("{9A19103F-16F7-4668-BE54-9A1E7A4F7556}") = "Day04Task1Solution", "Day04Task1Solution\Day04Task1Solution.csproj", "{89045B09-CDEB-4C84-A453-5D416D8B3E27}"
EndProject
Project("{9A19103F-16F7-4668-BE54-9A1E7A4F7556}") = "Day04Task1Tests", "Day04Task1Tests\Day04Task1Tests.csproj", "{ADEA39CC-6E73-4DA6-BDD7-C18C4E5ABDE3}"
EndProject
Project("{9A19103F-16F7-4668-BE54-9A1E7A4F7556}") = "Day04Task1Result", "Day04Task1Result\Day04Task1Result.csproj", "{D2739C78-18E0-48CF-B694-21490F15422E}"
EndProject
Project("{2150E333-8FDC-42A3-9474-1A3956D46DE8}") = "Day04Task2", "Day04Task2", "{15B31211-5D05-4227-ADA4-EB1A9D867AC2}"
EndProject
Project("{9A19103F-16F7-4668-BE54-9A1E7A4F7556}") = "Day04Task2Solution", "Day04Task2Solution\Day04Task2Solution.csproj", "{80B5D582-F6E5-49C2-8242-562D5AC70454}"
EndProject
Project("{9A19103F-16F7-4668-BE54-9A1E7A4F7556}") = "Day04Task2Tests", "Day04Task2Tests\Day04Task2Tests.csproj", "{82E3548C-CBA1-4EC3-8293-6FB79D418829}"
EndProject
Project("{9A19103F-16F7-4668-BE54-9A1E7A4F7556}") = "Day04Task2Result", "Day04Task2Result\Day04Task2Result.csproj", "{6452D527-596D-4C58-9706-553375D04913}"
EndProject
Project("{2150E333-8FDC-42A3-9474-1A3956D46DE8}") = "Day05Task1", "Day05Task1", "{C5A327DE-9493-4C98-BF34-AB9CEBF6DD23}"
EndProject
Project("{9A19103F-16F7-4668-BE54-9A1E7A4F7556}") = "Day05Task1Solution", "Day05Task1Solution\Day05Task1Solution.csproj", "{724C9377-6D56-4F9C-821A-F88FF3703FBF}"
EndProject
Project("{9A19103F-16F7-4668-BE54-9A1E7A4F7556}") = "Day05Task1Result", "Day05Task1Result\Day05Task1Result.csproj", "{87D1DEE1-DED7-4A19-8B2C-CEFA1E7AC7B0}"
EndProject
Project("{2150E333-8FDC-42A3-9474-1A3956D46DE8}") = "Day05Task2", "Day05Task2", "{4273C391-6DB4-40B8-A06E-0BAAE5DA708F}"
EndProject
Project("{9A19103F-16F7-4668-BE54-9A1E7A4F7556}") = "Day05Task2Tests", "Day05Task2Tests\Day05Task2Tests.csproj", "{9C17629C-007C-4DDD-B086-B761A0200B09}"
EndProject
Project("{9A19103F-16F7-4668-BE54-9A1E7A4F7556}") = "Day05Task2Result", "Day05Task2Result\Day05Task2Result.csproj", "{87C0A6E7-2242-4F9D-9E97-7026DBAD34D2}"
EndProject
Project("{2150E333-8FDC-42A3-9474-1A3956D46DE8}") = "Day06Task1", "Day06Task1", "{2ACA5773-BD57-4EC5-918F-D2526368890C}"
EndProject
Project("{FAE04EC0-301F-11D3-BF4B-00C04F79EFBC}") = "Day06Task1Solution", "Day06Task1Solution\Day06Task1Solution.csproj", "{86EF6C6E-49A1-428F-B7CE-4F5289C488BF}"
EndProject
Project("{FAE04EC0-301F-11D3-BF4B-00C04F79EFBC}") = "Day06Task1Tests", "Day06Task1Tests\Day06Task1Tests.csproj", "{D4778CC6-8A26-4C06-923D-05A210CF2B2B}"
EndProject
Project("{FAE04EC0-301F-11D3-BF4B-00C04F79EFBC}") = "Day06Task1Result", "Day06Task1Result\Day06Task1Result.csproj", "{854983EB-3876-4892-AF5D-0F28C60F6FCE}"
EndProject
Project("{2150E333-8FDC-42A3-9474-1A3956D46DE8}") = "Day06Task2", "Day06Task2", "{7830AB78-4E76-4AD6-9C7D-095D478FA3F2}"
EndProject
Project("{FAE04EC0-301F-11D3-BF4B-00C04F79EFBC}") = "Day06Task2Tests", "Day06Task2Tests\Day06Task2Tests.csproj", "{600A5902-054D-43C2-A79C-A5C5E8397CE8}"
EndProject
Project("{FAE04EC0-301F-11D3-BF4B-00C04F79EFBC}") = "Day06Task2Result", "Day06Task2Result\Day06Task2Result.csproj", "{796BB21F-A6D4-44AF-98FA-8E1F3BB4F418}"
EndProject
Global
	GlobalSection(SolutionConfigurationPlatforms) = preSolution
		Debug|Any CPU = Debug|Any CPU
		Release|Any CPU = Release|Any CPU
	EndGlobalSection
	GlobalSection(ProjectConfigurationPlatforms) = postSolution
		{408EECB9-ADFC-4298-BBAD-CD6DD598B0D4}.Debug|Any CPU.ActiveCfg = Debug|Any CPU
		{408EECB9-ADFC-4298-BBAD-CD6DD598B0D4}.Debug|Any CPU.Build.0 = Debug|Any CPU
		{408EECB9-ADFC-4298-BBAD-CD6DD598B0D4}.Release|Any CPU.ActiveCfg = Release|Any CPU
		{408EECB9-ADFC-4298-BBAD-CD6DD598B0D4}.Release|Any CPU.Build.0 = Release|Any CPU
		{1E5E1A95-4E20-457F-B19B-660FDD099560}.Debug|Any CPU.ActiveCfg = Debug|Any CPU
		{1E5E1A95-4E20-457F-B19B-660FDD099560}.Debug|Any CPU.Build.0 = Debug|Any CPU
		{1E5E1A95-4E20-457F-B19B-660FDD099560}.Release|Any CPU.ActiveCfg = Release|Any CPU
		{1E5E1A95-4E20-457F-B19B-660FDD099560}.Release|Any CPU.Build.0 = Release|Any CPU
		{A02A169C-C22B-4921-8395-563C9605EE9C}.Debug|Any CPU.ActiveCfg = Debug|Any CPU
		{A02A169C-C22B-4921-8395-563C9605EE9C}.Debug|Any CPU.Build.0 = Debug|Any CPU
		{A02A169C-C22B-4921-8395-563C9605EE9C}.Release|Any CPU.ActiveCfg = Release|Any CPU
		{A02A169C-C22B-4921-8395-563C9605EE9C}.Release|Any CPU.Build.0 = Release|Any CPU
		{2EF403E8-C2B8-44B5-A28B-211CB2323C26}.Debug|Any CPU.ActiveCfg = Debug|Any CPU
		{2EF403E8-C2B8-44B5-A28B-211CB2323C26}.Debug|Any CPU.Build.0 = Debug|Any CPU
		{2EF403E8-C2B8-44B5-A28B-211CB2323C26}.Release|Any CPU.ActiveCfg = Release|Any CPU
		{2EF403E8-C2B8-44B5-A28B-211CB2323C26}.Release|Any CPU.Build.0 = Release|Any CPU
		{D3426B73-FF41-4D9B-9131-14F7509BCAD9}.Debug|Any CPU.ActiveCfg = Debug|Any CPU
		{D3426B73-FF41-4D9B-9131-14F7509BCAD9}.Debug|Any CPU.Build.0 = Debug|Any CPU
		{D3426B73-FF41-4D9B-9131-14F7509BCAD9}.Release|Any CPU.ActiveCfg = Release|Any CPU
		{D3426B73-FF41-4D9B-9131-14F7509BCAD9}.Release|Any CPU.Build.0 = Release|Any CPU
		{77B23E72-A93A-40C0-8E20-5D22F0DCA540}.Debug|Any CPU.ActiveCfg = Debug|Any CPU
		{77B23E72-A93A-40C0-8E20-5D22F0DCA540}.Debug|Any CPU.Build.0 = Debug|Any CPU
		{77B23E72-A93A-40C0-8E20-5D22F0DCA540}.Release|Any CPU.ActiveCfg = Release|Any CPU
		{77B23E72-A93A-40C0-8E20-5D22F0DCA540}.Release|Any CPU.Build.0 = Release|Any CPU
		{17CA0168-9419-4FD7-89CA-63F8BA8B764E}.Debug|Any CPU.ActiveCfg = Debug|Any CPU
		{17CA0168-9419-4FD7-89CA-63F8BA8B764E}.Debug|Any CPU.Build.0 = Debug|Any CPU
		{17CA0168-9419-4FD7-89CA-63F8BA8B764E}.Release|Any CPU.ActiveCfg = Release|Any CPU
		{17CA0168-9419-4FD7-89CA-63F8BA8B764E}.Release|Any CPU.Build.0 = Release|Any CPU
		{C87E8F82-C26D-435C-9EDC-0A6710C1975C}.Debug|Any CPU.ActiveCfg = Debug|Any CPU
		{C87E8F82-C26D-435C-9EDC-0A6710C1975C}.Debug|Any CPU.Build.0 = Debug|Any CPU
		{C87E8F82-C26D-435C-9EDC-0A6710C1975C}.Release|Any CPU.ActiveCfg = Release|Any CPU
		{C87E8F82-C26D-435C-9EDC-0A6710C1975C}.Release|Any CPU.Build.0 = Release|Any CPU
		{16DE8C66-8526-43A9-9A93-0C993676C518}.Debug|Any CPU.ActiveCfg = Debug|Any CPU
		{16DE8C66-8526-43A9-9A93-0C993676C518}.Debug|Any CPU.Build.0 = Debug|Any CPU
		{16DE8C66-8526-43A9-9A93-0C993676C518}.Release|Any CPU.ActiveCfg = Release|Any CPU
		{16DE8C66-8526-43A9-9A93-0C993676C518}.Release|Any CPU.Build.0 = Release|Any CPU
		{681641C4-F18F-4347-A45D-FC1179EEAFEA}.Debug|Any CPU.ActiveCfg = Debug|Any CPU
		{681641C4-F18F-4347-A45D-FC1179EEAFEA}.Debug|Any CPU.Build.0 = Debug|Any CPU
		{681641C4-F18F-4347-A45D-FC1179EEAFEA}.Release|Any CPU.ActiveCfg = Release|Any CPU
		{681641C4-F18F-4347-A45D-FC1179EEAFEA}.Release|Any CPU.Build.0 = Release|Any CPU
		{0101F0AD-5580-4FC3-8650-4FE999F0D8AE}.Debug|Any CPU.ActiveCfg = Debug|Any CPU
		{0101F0AD-5580-4FC3-8650-4FE999F0D8AE}.Debug|Any CPU.Build.0 = Debug|Any CPU
		{0101F0AD-5580-4FC3-8650-4FE999F0D8AE}.Release|Any CPU.ActiveCfg = Release|Any CPU
		{0101F0AD-5580-4FC3-8650-4FE999F0D8AE}.Release|Any CPU.Build.0 = Release|Any CPU
		{EDCE4444-7D27-4943-9E88-386854A361AD}.Debug|Any CPU.ActiveCfg = Debug|Any CPU
		{EDCE4444-7D27-4943-9E88-386854A361AD}.Debug|Any CPU.Build.0 = Debug|Any CPU
		{EDCE4444-7D27-4943-9E88-386854A361AD}.Release|Any CPU.ActiveCfg = Release|Any CPU
		{EDCE4444-7D27-4943-9E88-386854A361AD}.Release|Any CPU.Build.0 = Release|Any CPU
		{F23B2DA4-27B5-4386-8A48-E461F55F9D6C}.Debug|Any CPU.ActiveCfg = Debug|Any CPU
		{F23B2DA4-27B5-4386-8A48-E461F55F9D6C}.Debug|Any CPU.Build.0 = Debug|Any CPU
		{F23B2DA4-27B5-4386-8A48-E461F55F9D6C}.Release|Any CPU.ActiveCfg = Release|Any CPU
		{F23B2DA4-27B5-4386-8A48-E461F55F9D6C}.Release|Any CPU.Build.0 = Release|Any CPU
		{9CFB9D45-F516-4C1C-A64F-4655663CBB12}.Debug|Any CPU.ActiveCfg = Debug|Any CPU
		{9CFB9D45-F516-4C1C-A64F-4655663CBB12}.Debug|Any CPU.Build.0 = Debug|Any CPU
		{9CFB9D45-F516-4C1C-A64F-4655663CBB12}.Release|Any CPU.ActiveCfg = Release|Any CPU
		{9CFB9D45-F516-4C1C-A64F-4655663CBB12}.Release|Any CPU.Build.0 = Release|Any CPU
		{C415FF7B-6223-404F-9B79-D2083100E3B8}.Debug|Any CPU.ActiveCfg = Debug|Any CPU
		{C415FF7B-6223-404F-9B79-D2083100E3B8}.Debug|Any CPU.Build.0 = Debug|Any CPU
		{C415FF7B-6223-404F-9B79-D2083100E3B8}.Release|Any CPU.ActiveCfg = Release|Any CPU
		{C415FF7B-6223-404F-9B79-D2083100E3B8}.Release|Any CPU.Build.0 = Release|Any CPU
		{0FBE8219-5C18-44C7-8352-4BF2458C3AEF}.Debug|Any CPU.ActiveCfg = Debug|Any CPU
		{0FBE8219-5C18-44C7-8352-4BF2458C3AEF}.Debug|Any CPU.Build.0 = Debug|Any CPU
		{0FBE8219-5C18-44C7-8352-4BF2458C3AEF}.Release|Any CPU.ActiveCfg = Release|Any CPU
		{0FBE8219-5C18-44C7-8352-4BF2458C3AEF}.Release|Any CPU.Build.0 = Release|Any CPU
		{89045B09-CDEB-4C84-A453-5D416D8B3E27}.Debug|Any CPU.ActiveCfg = Debug|Any CPU
		{89045B09-CDEB-4C84-A453-5D416D8B3E27}.Debug|Any CPU.Build.0 = Debug|Any CPU
		{89045B09-CDEB-4C84-A453-5D416D8B3E27}.Release|Any CPU.ActiveCfg = Release|Any CPU
		{89045B09-CDEB-4C84-A453-5D416D8B3E27}.Release|Any CPU.Build.0 = Release|Any CPU
		{ADEA39CC-6E73-4DA6-BDD7-C18C4E5ABDE3}.Debug|Any CPU.ActiveCfg = Debug|Any CPU
		{ADEA39CC-6E73-4DA6-BDD7-C18C4E5ABDE3}.Debug|Any CPU.Build.0 = Debug|Any CPU
		{ADEA39CC-6E73-4DA6-BDD7-C18C4E5ABDE3}.Release|Any CPU.ActiveCfg = Release|Any CPU
		{ADEA39CC-6E73-4DA6-BDD7-C18C4E5ABDE3}.Release|Any CPU.Build.0 = Release|Any CPU
		{D2739C78-18E0-48CF-B694-21490F15422E}.Debug|Any CPU.ActiveCfg = Debug|Any CPU
		{D2739C78-18E0-48CF-B694-21490F15422E}.Debug|Any CPU.Build.0 = Debug|Any CPU
		{D2739C78-18E0-48CF-B694-21490F15422E}.Release|Any CPU.ActiveCfg = Release|Any CPU
		{D2739C78-18E0-48CF-B694-21490F15422E}.Release|Any CPU.Build.0 = Release|Any CPU
		{80B5D582-F6E5-49C2-8242-562D5AC70454}.Debug|Any CPU.ActiveCfg = Debug|Any CPU
		{80B5D582-F6E5-49C2-8242-562D5AC70454}.Debug|Any CPU.Build.0 = Debug|Any CPU
		{80B5D582-F6E5-49C2-8242-562D5AC70454}.Release|Any CPU.ActiveCfg = Release|Any CPU
		{80B5D582-F6E5-49C2-8242-562D5AC70454}.Release|Any CPU.Build.0 = Release|Any CPU
		{82E3548C-CBA1-4EC3-8293-6FB79D418829}.Debug|Any CPU.ActiveCfg = Debug|Any CPU
		{82E3548C-CBA1-4EC3-8293-6FB79D418829}.Debug|Any CPU.Build.0 = Debug|Any CPU
		{82E3548C-CBA1-4EC3-8293-6FB79D418829}.Release|Any CPU.ActiveCfg = Release|Any CPU
		{82E3548C-CBA1-4EC3-8293-6FB79D418829}.Release|Any CPU.Build.0 = Release|Any CPU
		{6452D527-596D-4C58-9706-553375D04913}.Debug|Any CPU.ActiveCfg = Debug|Any CPU
		{6452D527-596D-4C58-9706-553375D04913}.Debug|Any CPU.Build.0 = Debug|Any CPU
		{6452D527-596D-4C58-9706-553375D04913}.Release|Any CPU.ActiveCfg = Release|Any CPU
		{6452D527-596D-4C58-9706-553375D04913}.Release|Any CPU.Build.0 = Release|Any CPU
		{724C9377-6D56-4F9C-821A-F88FF3703FBF}.Debug|Any CPU.ActiveCfg = Debug|Any CPU
		{724C9377-6D56-4F9C-821A-F88FF3703FBF}.Debug|Any CPU.Build.0 = Debug|Any CPU
		{724C9377-6D56-4F9C-821A-F88FF3703FBF}.Release|Any CPU.ActiveCfg = Release|Any CPU
		{724C9377-6D56-4F9C-821A-F88FF3703FBF}.Release|Any CPU.Build.0 = Release|Any CPU
		{87D1DEE1-DED7-4A19-8B2C-CEFA1E7AC7B0}.Debug|Any CPU.ActiveCfg = Debug|Any CPU
		{87D1DEE1-DED7-4A19-8B2C-CEFA1E7AC7B0}.Debug|Any CPU.Build.0 = Debug|Any CPU
		{87D1DEE1-DED7-4A19-8B2C-CEFA1E7AC7B0}.Release|Any CPU.ActiveCfg = Release|Any CPU
		{87D1DEE1-DED7-4A19-8B2C-CEFA1E7AC7B0}.Release|Any CPU.Build.0 = Release|Any CPU
		{9C17629C-007C-4DDD-B086-B761A0200B09}.Debug|Any CPU.ActiveCfg = Debug|Any CPU
		{9C17629C-007C-4DDD-B086-B761A0200B09}.Debug|Any CPU.Build.0 = Debug|Any CPU
		{9C17629C-007C-4DDD-B086-B761A0200B09}.Release|Any CPU.ActiveCfg = Release|Any CPU
		{9C17629C-007C-4DDD-B086-B761A0200B09}.Release|Any CPU.Build.0 = Release|Any CPU
		{87C0A6E7-2242-4F9D-9E97-7026DBAD34D2}.Debug|Any CPU.ActiveCfg = Debug|Any CPU
		{87C0A6E7-2242-4F9D-9E97-7026DBAD34D2}.Debug|Any CPU.Build.0 = Debug|Any CPU
		{87C0A6E7-2242-4F9D-9E97-7026DBAD34D2}.Release|Any CPU.ActiveCfg = Release|Any CPU
		{87C0A6E7-2242-4F9D-9E97-7026DBAD34D2}.Release|Any CPU.Build.0 = Release|Any CPU
		{86EF6C6E-49A1-428F-B7CE-4F5289C488BF}.Debug|Any CPU.ActiveCfg = Debug|Any CPU
		{86EF6C6E-49A1-428F-B7CE-4F5289C488BF}.Debug|Any CPU.Build.0 = Debug|Any CPU
		{86EF6C6E-49A1-428F-B7CE-4F5289C488BF}.Release|Any CPU.ActiveCfg = Release|Any CPU
		{86EF6C6E-49A1-428F-B7CE-4F5289C488BF}.Release|Any CPU.Build.0 = Release|Any CPU
		{D4778CC6-8A26-4C06-923D-05A210CF2B2B}.Debug|Any CPU.ActiveCfg = Debug|Any CPU
		{D4778CC6-8A26-4C06-923D-05A210CF2B2B}.Debug|Any CPU.Build.0 = Debug|Any CPU
		{D4778CC6-8A26-4C06-923D-05A210CF2B2B}.Release|Any CPU.ActiveCfg = Release|Any CPU
		{D4778CC6-8A26-4C06-923D-05A210CF2B2B}.Release|Any CPU.Build.0 = Release|Any CPU
		{854983EB-3876-4892-AF5D-0F28C60F6FCE}.Debug|Any CPU.ActiveCfg = Debug|Any CPU
		{854983EB-3876-4892-AF5D-0F28C60F6FCE}.Debug|Any CPU.Build.0 = Debug|Any CPU
		{854983EB-3876-4892-AF5D-0F28C60F6FCE}.Release|Any CPU.ActiveCfg = Release|Any CPU
		{854983EB-3876-4892-AF5D-0F28C60F6FCE}.Release|Any CPU.Build.0 = Release|Any CPU
		{600A5902-054D-43C2-A79C-A5C5E8397CE8}.Debug|Any CPU.ActiveCfg = Debug|Any CPU
		{600A5902-054D-43C2-A79C-A5C5E8397CE8}.Debug|Any CPU.Build.0 = Debug|Any CPU
		{600A5902-054D-43C2-A79C-A5C5E8397CE8}.Release|Any CPU.ActiveCfg = Release|Any CPU
		{600A5902-054D-43C2-A79C-A5C5E8397CE8}.Release|Any CPU.Build.0 = Release|Any CPU
		{796BB21F-A6D4-44AF-98FA-8E1F3BB4F418}.Debug|Any CPU.ActiveCfg = Debug|Any CPU
		{796BB21F-A6D4-44AF-98FA-8E1F3BB4F418}.Debug|Any CPU.Build.0 = Debug|Any CPU
		{796BB21F-A6D4-44AF-98FA-8E1F3BB4F418}.Release|Any CPU.ActiveCfg = Release|Any CPU
		{796BB21F-A6D4-44AF-98FA-8E1F3BB4F418}.Release|Any CPU.Build.0 = Release|Any CPU
	EndGlobalSection
	GlobalSection(SolutionProperties) = preSolution
		HideSolutionNode = FALSE
	EndGlobalSection
	GlobalSection(NestedProjects) = preSolution
		{408EECB9-ADFC-4298-BBAD-CD6DD598B0D4} = {4F1EF701-BAC6-405A-87ED-C994DB488293}
		{1E5E1A95-4E20-457F-B19B-660FDD099560} = {4F1EF701-BAC6-405A-87ED-C994DB488293}
		{A02A169C-C22B-4921-8395-563C9605EE9C} = {4F1EF701-BAC6-405A-87ED-C994DB488293}
		{2EF403E8-C2B8-44B5-A28B-211CB2323C26} = {B645BFBB-B7D4-48A8-9C40-742401E17FA8}
		{D3426B73-FF41-4D9B-9131-14F7509BCAD9} = {B645BFBB-B7D4-48A8-9C40-742401E17FA8}
		{77B23E72-A93A-40C0-8E20-5D22F0DCA540} = {B645BFBB-B7D4-48A8-9C40-742401E17FA8}
		{17CA0168-9419-4FD7-89CA-63F8BA8B764E} = {2621735B-D3F4-4AE6-80AA-A27EE5333639}
		{C87E8F82-C26D-435C-9EDC-0A6710C1975C} = {2621735B-D3F4-4AE6-80AA-A27EE5333639}
		{16DE8C66-8526-43A9-9A93-0C993676C518} = {2621735B-D3F4-4AE6-80AA-A27EE5333639}
		{681641C4-F18F-4347-A45D-FC1179EEAFEA} = {27271E64-AAE1-4C05-8E99-E445DD4EC41B}
		{0101F0AD-5580-4FC3-8650-4FE999F0D8AE} = {FB8F2E99-BA74-4DFF-B52A-E902D677454C}
		{EDCE4444-7D27-4943-9E88-386854A361AD} = {FB8F2E99-BA74-4DFF-B52A-E902D677454C}
		{F23B2DA4-27B5-4386-8A48-E461F55F9D6C} = {FB8F2E99-BA74-4DFF-B52A-E902D677454C}
		{9CFB9D45-F516-4C1C-A64F-4655663CBB12} = {487C9896-3FF0-4BAC-BD90-A083633A656C}
		{C415FF7B-6223-404F-9B79-D2083100E3B8} = {487C9896-3FF0-4BAC-BD90-A083633A656C}
		{0FBE8219-5C18-44C7-8352-4BF2458C3AEF} = {487C9896-3FF0-4BAC-BD90-A083633A656C}
		{89045B09-CDEB-4C84-A453-5D416D8B3E27} = {52BAE5C3-B7A1-4487-A924-FA42F7B18E4A}
		{ADEA39CC-6E73-4DA6-BDD7-C18C4E5ABDE3} = {52BAE5C3-B7A1-4487-A924-FA42F7B18E4A}
		{D2739C78-18E0-48CF-B694-21490F15422E} = {52BAE5C3-B7A1-4487-A924-FA42F7B18E4A}
		{80B5D582-F6E5-49C2-8242-562D5AC70454} = {15B31211-5D05-4227-ADA4-EB1A9D867AC2}
		{82E3548C-CBA1-4EC3-8293-6FB79D418829} = {15B31211-5D05-4227-ADA4-EB1A9D867AC2}
		{6452D527-596D-4C58-9706-553375D04913} = {15B31211-5D05-4227-ADA4-EB1A9D867AC2}
		{724C9377-6D56-4F9C-821A-F88FF3703FBF} = {C5A327DE-9493-4C98-BF34-AB9CEBF6DD23}
		{87D1DEE1-DED7-4A19-8B2C-CEFA1E7AC7B0} = {C5A327DE-9493-4C98-BF34-AB9CEBF6DD23}
		{9C17629C-007C-4DDD-B086-B761A0200B09} = {4273C391-6DB4-40B8-A06E-0BAAE5DA708F}
		{87C0A6E7-2242-4F9D-9E97-7026DBAD34D2} = {4273C391-6DB4-40B8-A06E-0BAAE5DA708F}
		{86EF6C6E-49A1-428F-B7CE-4F5289C488BF} = {2ACA5773-BD57-4EC5-918F-D2526368890C}
		{D4778CC6-8A26-4C06-923D-05A210CF2B2B} = {2ACA5773-BD57-4EC5-918F-D2526368890C}
		{854983EB-3876-4892-AF5D-0F28C60F6FCE} = {2ACA5773-BD57-4EC5-918F-D2526368890C}
		{600A5902-054D-43C2-A79C-A5C5E8397CE8} = {7830AB78-4E76-4AD6-9C7D-095D478FA3F2}
		{796BB21F-A6D4-44AF-98FA-8E1F3BB4F418} = {7830AB78-4E76-4AD6-9C7D-095D478FA3F2}
	EndGlobalSection
	GlobalSection(ExtensibilityGlobals) = postSolution
		SolutionGuid = {8465AE72-320C-4956-B4A6-F1B2E57C311D}
	EndGlobalSection
EndGlobal
